{
  "version": 4,
  "terraform_version": "1.3.7",
  "serial": 60,
  "lineage": "9eb8e8d2-efe1-96be-0c80-5df25a38773b",
  "outputs": {
    "cluster_endpoint": {
      "value": "https://E6E07139731CC316B5E4FF4C2BB04098.yl4.eu-central-1.eks.amazonaws.com",
      "type": "string"
    },
    "cluster_name": {
      "value": "devops-upskill-eks-fdwO8Wic",
      "type": "string"
    },
    "cluster_security_group_id": {
      "value": "sg-0019e119687afae73",
      "type": "string"
    },
    "region": {
      "value": "eu-central-1",
      "type": "string"
    }
  },
  "resources": [
    {
      "mode": "data",
      "type": "aws_availability_zones",
      "name": "available",
      "provider": "provider[\"registry.terraform.io/hashicorp/aws\"]",
      "instances": [
        {
          "schema_version": 0,
          "attributes": {
            "all_availability_zones": null,
            "exclude_names": null,
            "exclude_zone_ids": null,
            "filter": null,
            "group_names": [
              "eu-central-1"
            ],
            "id": "eu-central-1",
            "names": [
              "eu-central-1a",
              "eu-central-1b",
              "eu-central-1c"
            ],
            "state": null,
            "timeouts": null,
            "zone_ids": [
              "euc1-az2",
              "euc1-az3",
              "euc1-az1"
            ]
          },
          "sensitive_attributes": []
        }
      ]
    },
    {
      "mode": "managed",
      "type": "random_string",
      "name": "suffix",
      "provider": "provider[\"registry.terraform.io/hashicorp/random\"]",
      "instances": [
        {
          "schema_version": 2,
          "attributes": {
            "id": "fdwO8Wic",
            "keepers": null,
            "length": 8,
            "lower": true,
            "min_lower": 0,
            "min_numeric": 0,
            "min_special": 0,
            "min_upper": 0,
            "number": true,
            "numeric": true,
            "override_special": null,
            "result": "fdwO8Wic",
            "special": false,
            "upper": true
          },
          "sensitive_attributes": [],
          "create_before_destroy": true
        }
      ]
    },
    {
      "module": "module.eks",
      "mode": "data",
      "type": "aws_caller_identity",
      "name": "current",
      "provider": "provider[\"registry.terraform.io/hashicorp/aws\"]",
      "instances": [
        {
          "schema_version": 0,
          "attributes": {
            "account_id": "072850500517",
            "arn": "arn:aws:iam::072850500517:user/admin",
            "id": "072850500517",
            "user_id": "AIDARB5R2NOS5NYD5CM2W"
          },
          "sensitive_attributes": []
        }
      ]
    },
    {
      "module": "module.eks",
      "mode": "data",
      "type": "aws_iam_policy_document",
      "name": "assume_role_policy",
      "provider": "provider[\"registry.terraform.io/hashicorp/aws\"]",
      "instances": [
        {
          "index_key": 0,
          "schema_version": 0,
          "attributes": {
            "id": "2764486067",
            "json": "{\n  \"Version\": \"2012-10-17\",\n  \"Statement\": [\n    {\n      \"Sid\": \"EKSClusterAssumeRole\",\n      \"Effect\": \"Allow\",\n      \"Action\": \"sts:AssumeRole\",\n      \"Principal\": {\n        \"Service\": \"eks.amazonaws.com\"\n      }\n    }\n  ]\n}",
            "override_json": null,
            "override_policy_documents": null,
            "policy_id": null,
            "source_json": null,
            "source_policy_documents": null,
            "statement": [
              {
                "actions": [
                  "sts:AssumeRole"
                ],
                "condition": [],
                "effect": "Allow",
                "not_actions": [],
                "not_principals": [],
                "not_resources": [],
                "principals": [
                  {
                    "identifiers": [
                      "eks.amazonaws.com"
                    ],
                    "type": "Service"
                  }
                ],
                "resources": [],
                "sid": "EKSClusterAssumeRole"
              }
            ],
            "version": "2012-10-17"
          },
          "sensitive_attributes": []
        }
      ]
    },
    {
      "module": "module.eks",
      "mode": "data",
      "type": "aws_partition",
      "name": "current",
      "provider": "provider[\"registry.terraform.io/hashicorp/aws\"]",
      "instances": [
        {
          "schema_version": 0,
          "attributes": {
            "dns_suffix": "amazonaws.com",
            "id": "aws",
            "partition": "aws",
            "reverse_dns_prefix": "com.amazonaws"
          },
          "sensitive_attributes": []
        }
      ]
    },
    {
      "module": "module.eks",
      "mode": "data",
      "type": "tls_certificate",
      "name": "this",
      "provider": "provider[\"registry.terraform.io/hashicorp/tls\"]",
      "instances": [
        {
          "index_key": 0,
          "schema_version": 0,
          "attributes": {
            "certificates": [
              {
                "cert_pem": "-----BEGIN CERTIFICATE-----\nMIIEdTCCA12gAwIBAgIJAKcOSkw0grd/MA0GCSqGSIb3DQEBCwUAMGgxCzAJBgNV\nBAYTAlVTMSUwIwYDVQQKExxTdGFyZmllbGQgVGVjaG5vbG9naWVzLCBJbmMuMTIw\nMAYDVQQLEylTdGFyZmllbGQgQ2xhc3MgMiBDZXJ0aWZpY2F0aW9uIEF1dGhvcml0\neTAeFw0wOTA5MDIwMDAwMDBaFw0zNDA2MjgxNzM5MTZaMIGYMQswCQYDVQQGEwJV\nUzEQMA4GA1UECBMHQXJpem9uYTETMBEGA1UEBxMKU2NvdHRzZGFsZTElMCMGA1UE\nChMcU3RhcmZpZWxkIFRlY2hub2xvZ2llcywgSW5jLjE7MDkGA1UEAxMyU3RhcmZp\nZWxkIFNlcnZpY2VzIFJvb3QgQ2VydGlmaWNhdGUgQXV0aG9yaXR5IC0gRzIwggEi\nMA0GCSqGSIb3DQEBAQUAA4IBDwAwggEKAoIBAQDVDDrEKvlO4vW+GZdfjohTsR8/\ny8+fIBNtKTrID30892t2OGPZNmCom15cAICyL1l/9of5JUOG52kbUpqQ4XHj2C0N\nTm/2yEnZtvMaVq4rtnQU68/7JuMauh2WLmo7WJSJR1b/JaCTcFOD2oR0FMNnngRo\nOt+OQFodSk7PQ5E751bWAHDLUu57fa4657wx+UX2wmDPE1kCK4DMNEffud6QZW0C\nzyyRpqbn3oUYSXxmTqM6bam17jQuug0DuDPfR+uxa40l2ZvOgdFFRjKWcIfeAg5J\nQ4W2bHO7ZOphQazJ1FTfhy/HIrImzJ9ZVGif/L4qL8RVHHVAYBeFAlU5i38FAgMB\nAAGjgfAwge0wDwYDVR0TAQH/BAUwAwEB/zAOBgNVHQ8BAf8EBAMCAYYwHQYDVR0O\nBBYEFJxfAN+qAdcwKziIorhtSpzyEZGDMB8GA1UdIwQYMBaAFL9ft9HO3R+G9FtV\nrNzXEMIOqYjnME8GCCsGAQUFBwEBBEMwQTAcBggrBgEFBQcwAYYQaHR0cDovL28u\nc3MyLnVzLzAhBggrBgEFBQcwAoYVaHR0cDovL3guc3MyLnVzL3guY2VyMCYGA1Ud\nHwQfMB0wG6AZoBeGFWh0dHA6Ly9zLnNzMi51cy9yLmNybDARBgNVHSAECjAIMAYG\nBFUdIAAwDQYJKoZIhvcNAQELBQADggEBACMd44pXyn3pF3lM8R5V/cxTbj5HD9/G\nVfKyBDbtgB9TxF00KGu+x1X8Z+rLP3+QsjPNG1gQggL4+C/1E2DUBc7xgQjB3ad1\nl08YuW3e95ORCLp+QCztweq7dp4zBncdDQh/U90bZKuCJ/Fp1U1ervShw3WnWEQt\n8jxwmKy6abaVd38PMV4s/KCHOkdp8Hlf9BRUpJVeEXgSYCfOn8J3/yNTd126/+pZ\n59vPr5KW7ySaNRB6nJHGDn2Z9j8Z3/VyVOEVqQdZe4O/Ui5GjLIAZHYcSNPYeehu\nVsyuLAOQ1xk4meTKCRlb/weWsKh/NEnfVqn3sF/tM+2MR7cwA130A4w=\n-----END CERTIFICATE-----\n",
                "is_ca": true,
                "issuer": "OU=Starfield Class 2 Certification Authority,O=Starfield Technologies\\, Inc.,C=US",
                "not_after": "2034-06-28T17:39:16Z",
                "not_before": "2009-09-02T00:00:00Z",
                "public_key_algorithm": "RSA",
                "serial_number": "12037640545166866303",
                "sha1_fingerprint": "9e99a48a9960b14926bb7f3b02e22da2b0ab7280",
                "signature_algorithm": "SHA256-RSA",
                "subject": "CN=Starfield Services Root Certificate Authority - G2,O=Starfield Technologies\\, Inc.,L=Scottsdale,ST=Arizona,C=US",
                "version": 3
              },
              {
                "cert_pem": "-----BEGIN CERTIFICATE-----\nMIIEkjCCA3qgAwIBAgITBn+USionzfP6wq4rAfkI7rnExjANBgkqhkiG9w0BAQsF\nADCBmDELMAkGA1UEBhMCVVMxEDAOBgNVBAgTB0FyaXpvbmExEzARBgNVBAcTClNj\nb3R0c2RhbGUxJTAjBgNVBAoTHFN0YXJmaWVsZCBUZWNobm9sb2dpZXMsIEluYy4x\nOzA5BgNVBAMTMlN0YXJmaWVsZCBTZXJ2aWNlcyBSb290IENlcnRpZmljYXRlIEF1\ndGhvcml0eSAtIEcyMB4XDTE1MDUyNTEyMDAwMFoXDTM3MTIzMTAxMDAwMFowOTEL\nMAkGA1UEBhMCVVMxDzANBgNVBAoTBkFtYXpvbjEZMBcGA1UEAxMQQW1hem9uIFJv\nb3QgQ0EgMTCCASIwDQYJKoZIhvcNAQEBBQADggEPADCCAQoCggEBALJ4gHHKeNXj\nca9HgFB0fW7Y14h29Jlo91ghYPl0hAEvrAIthtOgQ3pOsqTQNroBvo3bSMgHFzZM\n9O6II8c+6zf1tRn4SWiw3te5djgdYZ6k/oI2peVKVuRF4fn9tBb6dNqcmzU5L/qw\nIFAGbHrQgLKm+a/sRxmPUDgH3KKHOVj4utWp+UhnMJbulHheb4mjUcAwhmahRWa6\nVOujw5H5SNz/0egwLX0tdHA114gk957EWW67c4cX8jJGKLhD+rcdqsq08p8kDi1L\n93FcXmn/6pUCyziKrlA4b9v7LWIbxcceVOF34GfID5yHI9Y/QCB/IIDEgEw+OyQm\njgSubJrIqg0CAwEAAaOCATEwggEtMA8GA1UdEwEB/wQFMAMBAf8wDgYDVR0PAQH/\nBAQDAgGGMB0GA1UdDgQWBBSEGMyFNOy8DJSULghZnMeyEE4KCDAfBgNVHSMEGDAW\ngBScXwDfqgHXMCs4iKK4bUqc8hGRgzB4BggrBgEFBQcBAQRsMGowLgYIKwYBBQUH\nMAGGImh0dHA6Ly9vY3NwLnJvb3RnMi5hbWF6b250cnVzdC5jb20wOAYIKwYBBQUH\nMAKGLGh0dHA6Ly9jcnQucm9vdGcyLmFtYXpvbnRydXN0LmNvbS9yb290ZzIuY2Vy\nMD0GA1UdHwQ2MDQwMqAwoC6GLGh0dHA6Ly9jcmwucm9vdGcyLmFtYXpvbnRydXN0\nLmNvbS9yb290ZzIuY3JsMBEGA1UdIAQKMAgwBgYEVR0gADANBgkqhkiG9w0BAQsF\nAAOCAQEAYjdCXLwQtT6LLOkMm2xF4gcAevnFWAu5CIw+7bMlPLVvUOTNNWqnkzSW\nMiGpSESrnO09tKpzbeR/FoCJbM8oAxiDR3mjEH4wW6w7sGDgd9QIpuEdfF7Au/ma\neyKdpwAJfqxGF4PcnCZXmTA5YpaP7dreqsXMGz7KQ2hsVxa81Q4gLv7/wmpdLqBK\nbRRYh5TmOTFffHPLkIhqhBGWJ6bt2YFGpn6jcgAKUj6DiAdjd4lpFw85hdKrCEVN\n0FE6/V1dN2RMfjCyVSRCnTawXZwXgWHxyvkQAiSr6w10kY17RSlQOYiypok1JR4U\nakcjMS9cmvqtmg5iUaQqqcT5NJ0hGA==\n-----END CERTIFICATE-----\n",
                "is_ca": true,
                "issuer": "CN=Starfield Services Root Certificate Authority - G2,O=Starfield Technologies\\, Inc.,L=Scottsdale,ST=Arizona,C=US",
                "not_after": "2037-12-31T01:00:00Z",
                "not_before": "2015-05-25T12:00:00Z",
                "public_key_algorithm": "RSA",
                "serial_number": "144918191876577076464031512351042010504348870",
                "sha1_fingerprint": "06b25927c42a721631c1efd9431e648fa62e1e39",
                "signature_algorithm": "SHA256-RSA",
                "subject": "CN=Amazon Root CA 1,O=Amazon,C=US",
                "version": 3
              },
              {
                "cert_pem": "-----BEGIN CERTIFICATE-----\nMIIESTCCAzGgAwIBAgITBn+UV4WH6Kx33rJTMlu8mYtWDTANBgkqhkiG9w0BAQsF\nADA5MQswCQYDVQQGEwJVUzEPMA0GA1UEChMGQW1hem9uMRkwFwYDVQQDExBBbWF6\nb24gUm9vdCBDQSAxMB4XDTE1MTAyMjAwMDAwMFoXDTI1MTAxOTAwMDAwMFowRjEL\nMAkGA1UEBhMCVVMxDzANBgNVBAoTBkFtYXpvbjEVMBMGA1UECxMMU2VydmVyIENB\nIDFCMQ8wDQYDVQQDEwZBbWF6b24wggEiMA0GCSqGSIb3DQEBAQUAA4IBDwAwggEK\nAoIBAQDCThZn3c68asg3Wuw6MLAd5tES6BIoSMzoKcG5blPVo+sDORrMd4f2AbnZ\ncMzPa43j4wNxhplty6aUKk4T1qe9BOwKFjwK6zmxxLVYo7bHViXsPlJ6qOMpFge5\nblDP+18x+B26A0piiQOuPkfyDyeR4xQghfj66Yo19V+emU3nazfvpFA+ROz6WoVm\nB5x+F2pV8xeKNR7u6azDdU5YVX1TawprmxRC1+WsAYmz6qP+z8ArDITC2FMVy2fw\n0IjKOtEXc/VfmtTFch5+AfGYMGMqqvJ6LcXiAhqG5TI+Dr0RtM88k+8XUBCeQ8IG\nKuANaL7TiItKZYxK1MMuTJtV9IblAgMBAAGjggE7MIIBNzASBgNVHRMBAf8ECDAG\nAQH/AgEAMA4GA1UdDwEB/wQEAwIBhjAdBgNVHQ4EFgQUWaRmBlKge5WSPKOUByeW\ndFv5PdAwHwYDVR0jBBgwFoAUhBjMhTTsvAyUlC4IWZzHshBOCggwewYIKwYBBQUH\nAQEEbzBtMC8GCCsGAQUFBzABhiNodHRwOi8vb2NzcC5yb290Y2ExLmFtYXpvbnRy\ndXN0LmNvbTA6BggrBgEFBQcwAoYuaHR0cDovL2NydC5yb290Y2ExLmFtYXpvbnRy\ndXN0LmNvbS9yb290Y2ExLmNlcjA/BgNVHR8EODA2MDSgMqAwhi5odHRwOi8vY3Js\nLnJvb3RjYTEuYW1hem9udHJ1c3QuY29tL3Jvb3RjYTEuY3JsMBMGA1UdIAQMMAow\nCAYGZ4EMAQIBMA0GCSqGSIb3DQEBCwUAA4IBAQCFkr41u3nPo4FCHOTjY3NTOVI1\n59Gt/a6ZiqyJEi+752+a1U5y6iAwYfmXss2lJwJFqMp2PphKg5625kXg8kP2CN5t\n6G7bMQcT8C8xDZNtYTd7WPD8UZiRKAJPBXa30/AbwuZe0GaFEQ8ugcYQgSn+IGBI\n8/LwhBNTZTUVEWuCUUBVV18YtbAiPq3yXqMB48Oz+ctBWuZSkbvkNodPLamkB2g1\nupRyzQ7qDn1X8nn8N8V7YJ6y68AtkHcNSRAnpTitxBKjtKPISLMVCx7i4hncxHZS\nyLyKQXhw2W2Xs0qLeC1etA+jTGDK4UfLeC0SF7FSi8o5LL21L8IzApar2pR/\n-----END CERTIFICATE-----\n",
                "is_ca": true,
                "issuer": "CN=Amazon Root CA 1,O=Amazon,C=US",
                "not_after": "2025-10-19T00:00:00Z",
                "not_before": "2015-10-22T00:00:00Z",
                "public_key_algorithm": "RSA",
                "serial_number": "144918209630989264145272943054026349679957517",
                "sha1_fingerprint": "917e732d330f9a12404f73d8bea36948b929dffc",
                "signature_algorithm": "SHA256-RSA",
                "subject": "CN=Amazon,OU=Server CA 1B,O=Amazon,C=US",
                "version": 3
              },
              {
                "cert_pem": "-----BEGIN CERTIFICATE-----\nMIIF/TCCBOWgAwIBAgIQD8K7jdEXDXxcIedrfcdtbzANBgkqhkiG9w0BAQsFADBG\nMQswCQYDVQQGEwJVUzEPMA0GA1UEChMGQW1hem9uMRUwEwYDVQQLEwxTZXJ2ZXIg\nQ0EgMUIxDzANBgNVBAMTBkFtYXpvbjAeFw0yMjA1MTQwMDAwMDBaFw0yMzA2MTIy\nMzU5NTlaMC4xLDAqBgNVBAMTI29pZGMuZWtzLmV1LWNlbnRyYWwtMS5hbWF6b25h\nd3MuY29tMIIBIjANBgkqhkiG9w0BAQEFAAOCAQ8AMIIBCgKCAQEAxJcmLgBtHpEK\nuDI3TWoYiUS3VrB2X7t2Hdn6gLXLDePrRGbiWLi6gyaLINNdEBKVWWB4xLFJsLMR\nEjM3yD4/uOd7DNYpExfSSu+1IGAB+9bv7Y7+rZa0vOddICHrwQdnYH8HLRVQN+E1\nYImyMjm70Kg9eL47GhtIki2NF0cz+8e1VU0evoRLXj+73/VtH/04hk9QUra9zKsC\nAtmiahsYBFghE1GDXBoyiD0LzihDgxdtoFgjeKyVVFdRDJTHlvWGQHOIp2Nl7Ec5\nXdS90d9VOSa8Q4D6l93qbs+vPVeUqNpD1J3/gs0vCSqsmjTw8Wv6hlHlo2gJb2OF\n+fMFkyYhiwIDAQABo4IC/TCCAvkwHwYDVR0jBBgwFoAUWaRmBlKge5WSPKOUByeW\ndFv5PdAwHQYDVR0OBBYEFCWz4oZJ/f9q6s7r9BZZkSMXY4F6MC4GA1UdEQQnMCWC\nI29pZGMuZWtzLmV1LWNlbnRyYWwtMS5hbWF6b25hd3MuY29tMA4GA1UdDwEB/wQE\nAwIFoDAdBgNVHSUEFjAUBggrBgEFBQcDAQYIKwYBBQUHAwIwPQYDVR0fBDYwNDAy\noDCgLoYsaHR0cDovL2NybC5zY2ExYi5hbWF6b250cnVzdC5jb20vc2NhMWItMS5j\ncmwwEwYDVR0gBAwwCjAIBgZngQwBAgEwdQYIKwYBBQUHAQEEaTBnMC0GCCsGAQUF\nBzABhiFodHRwOi8vb2NzcC5zY2ExYi5hbWF6b250cnVzdC5jb20wNgYIKwYBBQUH\nMAKGKmh0dHA6Ly9jcnQuc2NhMWIuYW1hem9udHJ1c3QuY29tL3NjYTFiLmNydDAM\nBgNVHRMBAf8EAjAAMIIBfQYKKwYBBAHWeQIEAgSCAW0EggFpAWcAdQDoPtDaPvUG\nNTLnVyi8iWvJA9PL0RFr7Otp4Xd9bQa9bgAAAYC/8crXAAAEAwBGMEQCIBO7D+B4\nMrPPZZqlK+/CJ/Da/acFjxh3Pa3RXWnTtX1JAiAoU+Bp+9NEIODrWL+lm2YqGPqS\n7p45ELjnENVA/kVSfAB2ADXPGRu/sWxXvw+tTG1Cy7u2JyAmUeo/4SrvqAPDO9ZM\nAAABgL/xyukAAAQDAEcwRQIgMARkLwQC+uPkJRpBMJjyMjyUklwV5F23gl/AO6mE\nZ4kCIQCUDnuUqe+tp2JHM+8NVPd2ak2iC1nxRySUPaQPRqzUQgB2ALc++yTfnE26\ndfI5xbpY9Gxd/ELPep81xJ4dCYEl7bSZAAABgL/xytkAAAQDAEcwRQIhAK4iWw5r\nH7pgp3z+OA/qNLinlbvdbWM0fMxik3q9ssuiAiBXiewO2xY1q6FNbqC+9bxcO2d4\ng9cKVFn+PBVxKWAb4zANBgkqhkiG9w0BAQsFAAOCAQEAcP36x9cdwsgcduWvyVkJ\n3q/NLX8Owm6u7kG5xwg4Nn/Z4SrbFym7hDCl6b9DfKz2Dfjy1y77UyCZ0EXwVY4q\n87p/s2k8KUAPQUIQfJemYh73J6B1X3QGgw/xeck914+0KssC8KqANIVnspQXDQcR\nRxXFry8X5OziaBtoETKLmAew2+WpDs4bfT3hTe29nphJHEsC0g1GZyrFnoG9p85Z\nDpnpcJ0vFyxDPnc2ZjSELSlFOvTMye+cTKB+YmYP50aAHTrpd7/OcWlaiYC478Q2\n5KSw76SAICjbTVDzdQf2W4Q4NhnUVs/GV3p5IRoLd9D3aZ6GwWwd+l7ggBVfP0pL\n/w==\n-----END CERTIFICATE-----\n",
                "is_ca": false,
                "issuer": "CN=Amazon,OU=Server CA 1B,O=Amazon,C=US",
                "not_after": "2023-06-12T23:59:59Z",
                "not_before": "2022-05-14T00:00:00Z",
                "public_key_algorithm": "RSA",
                "serial_number": "20949529573806528058444541072209571183",
                "sha1_fingerprint": "45f6cbedec2f49c9bedbd525d012b2b8137164d8",
                "signature_algorithm": "SHA256-RSA",
                "subject": "CN=oidc.eks.eu-central-1.amazonaws.com",
                "version": 3
              }
            ],
            "content": null,
            "id": "bf8ba0d9ad6cedb5b90164a464cd0cabab3df086",
            "url": "https://oidc.eks.eu-central-1.amazonaws.com/id/E6E07139731CC316B5E4FF4C2BB04098",
            "verify_chain": true
          },
          "sensitive_attributes": []
        }
      ]
    },
    {
      "module": "module.eks",
      "mode": "managed",
      "type": "aws_cloudwatch_log_group",
      "name": "this",
      "provider": "provider[\"registry.terraform.io/hashicorp/aws\"]",
      "instances": [
        {
          "index_key": 0,
          "schema_version": 0,
          "attributes": {
            "arn": "arn:aws:logs:eu-central-1:072850500517:log-group:/aws/eks/devops-upskill-eks-fdwO8Wic/cluster",
            "id": "/aws/eks/devops-upskill-eks-fdwO8Wic/cluster",
            "kms_key_id": "",
            "name": "/aws/eks/devops-upskill-eks-fdwO8Wic/cluster",
            "name_prefix": "",
            "retention_in_days": 90,
            "skip_destroy": false,
            "tags": {},
            "tags_all": {}
          },
          "sensitive_attributes": [],
          "private": "bnVsbA==",
          "dependencies": [
            "random_string.suffix"
          ],
          "create_before_destroy": true
        }
      ]
    },
    {
      "module": "module.eks",
      "mode": "managed",
      "type": "aws_eks_cluster",
      "name": "this",
      "provider": "provider[\"registry.terraform.io/hashicorp/aws\"]",
      "instances": [
        {
          "index_key": 0,
          "schema_version": 0,
          "attributes": {
            "arn": "arn:aws:eks:eu-central-1:072850500517:cluster/devops-upskill-eks-fdwO8Wic",
            "certificate_authority": [
              {
                "data": "LS0tLS1CRUdJTiBDRVJUSUZJQ0FURS0tLS0tCk1JSUMvakNDQWVhZ0F3SUJBZ0lCQURBTkJna3Foa2lHOXcwQkFRc0ZBREFWTVJNd0VRWURWUVFERXdwcmRXSmwKY201bGRHVnpNQjRYRFRJek1ERXlOREUwTlRneU1Gb1hEVE16TURFeU1URTBOVGd5TUZvd0ZURVRNQkVHQTFVRQpBeE1LYTNWaVpYSnVaWFJsY3pDQ0FTSXdEUVlKS29aSWh2Y05BUUVCQlFBRGdnRVBBRENDQVFvQ2dnRUJBTmM1CnJYalNneUZtYUNRWDRxbDhDY2d2Q1Z0NFVQNmY2UHpEL3VETkFXSmtxTDZpclhpb20yUDJ1VnRDd3ZhSnRlakQKMlpBZ1NDR0FJWmN3NWV5bkNvbnVncmhZQnZIRVd1Ujl2UmtQRFpqS2ZnZURRbVdHb09RVDVMZDdwVm1XWnRHSwpPMDNiYnNKMVZkRllFblA5TWpQOUJnalpFcTY0UDRudFNvSUQ4cmptVDN2NlZocEtRT2RWencycFpMY0Fwa0U1CllseVJrdTROODh3NUlsREZDemVCdUVrN3FnSThlQnorbjE2R085WFlsbWkxQ3FXSE5MTmtGNURuYVBaUTRkYTYKSStFYy90RmJhR3dPZFFRZjFDbWpZdlBEUlJsdk1yV1I4UWEzK0MyTkJ2ZjZ2U1grUjdjeS9WcVV5aU1kMzBCKworTXJUWm56c0hlRFVUSGNkR1JzQ0F3RUFBYU5aTUZjd0RnWURWUjBQQVFIL0JBUURBZ0trTUE4R0ExVWRFd0VCCi93UUZNQU1CQWY4d0hRWURWUjBPQkJZRUZMQnRKTTNlNUVick9OR2ZVMnRiQXpUcWFVcWtNQlVHQTFVZEVRUU8KTUF5Q0NtdDFZbVZ5Ym1WMFpYTXdEUVlKS29aSWh2Y05BUUVMQlFBRGdnRUJBTU9tSzliTUs2Zm1yb2NNenFXUApNb25GR3c0d1pIcndPd2dBNXZYNE9McktCTmZ5MXJ6SkE3cEVrSVU2Y3hvKzdZRm5FKzNQMVpDa2p4czJUT21PCktPczFodFp4R1ZzY0RQSHpRREZyK2JvSllHcUMrUDhHNnd1SEF4VXpibjBHaU5VbVBYMGN4elJIR2NlTkozck4KR3NFMCtnRS9iTWV5em84emlMQ3ljTWVScEY3YkNaMEl6NE5LeUVrVk1wek43dzFzMXQ5VzZ4RXBDMjlralc1VApkV2RBVFJOVlg2bnZRajF6b3FYL2tKMmJuQmZzK3lVM1ZmbG51eDZFOGcrUnFOZTZEMjlwNDVNcnNoOGx5MWtECnUrN3l4SVhwbVB1RDFnS1ppVGhYSlVERGVVanNqTzE3WlVSLytWaGFHUnRVdE5xUldIK3g0V3NwZlRRQm0xamIKS2tZPQotLS0tLUVORCBDRVJUSUZJQ0FURS0tLS0tCg=="
              }
            ],
            "cluster_id": null,
            "created_at": "2023-01-24 14:52:10.632 +0000 UTC",
            "enabled_cluster_log_types": [
              "api",
              "audit",
              "authenticator"
            ],
            "encryption_config": [
              {
                "provider": [
                  {
                    "key_arn": "arn:aws:kms:eu-central-1:072850500517:key/21c64bf2-938b-47da-acd8-b5ce07015804"
                  }
                ],
                "resources": [
                  "secrets"
                ]
              }
            ],
            "endpoint": "https://E6E07139731CC316B5E4FF4C2BB04098.yl4.eu-central-1.eks.amazonaws.com",
            "id": "devops-upskill-eks-fdwO8Wic",
            "identity": [
              {
                "oidc": [
                  {
                    "issuer": "https://oidc.eks.eu-central-1.amazonaws.com/id/E6E07139731CC316B5E4FF4C2BB04098"
                  }
                ]
              }
            ],
            "kubernetes_network_config": [
              {
                "ip_family": "ipv4",
                "service_ipv4_cidr": "172.20.0.0/16",
                "service_ipv6_cidr": ""
              }
            ],
            "name": "devops-upskill-eks-fdwO8Wic",
            "outpost_config": [],
            "platform_version": "eks.3",
            "role_arn": "arn:aws:iam::072850500517:role/devops-upskill-eks-fdwO8Wic-cluster-20230124145150692300000001",
            "status": "ACTIVE",
            "tags": {},
            "tags_all": {},
            "timeouts": {
              "create": null,
              "delete": null,
              "update": null
            },
            "version": "1.24",
            "vpc_config": [
              {
                "cluster_security_group_id": "sg-0fc080a5e970506f3",
                "endpoint_private_access": true,
                "endpoint_public_access": true,
                "public_access_cidrs": [
                  "0.0.0.0/0"
                ],
                "security_group_ids": [
                  "sg-0019e119687afae73"
                ],
                "subnet_ids": [
                  "subnet-023d112e1c5a7cfe8",
                  "subnet-062914bd808316edc",
                  "subnet-0806e349d75137980"
                ],
                "vpc_id": "vpc-0a9c9e6f6417080a0"
              }
            ]
          },
          "sensitive_attributes": [],
          "private": "eyJlMmJmYjczMC1lY2FhLTExZTYtOGY4OC0zNDM2M2JjN2M0YzAiOnsiY3JlYXRlIjoxODAwMDAwMDAwMDAwLCJkZWxldGUiOjkwMDAwMDAwMDAwMCwidXBkYXRlIjozNjAwMDAwMDAwMDAwfX0=",
          "dependencies": [
            "data.aws_availability_zones.available",
            "module.eks.aws_cloudwatch_log_group.this",
            "module.eks.aws_iam_role.this",
            "module.eks.aws_iam_role_policy_attachment.this",
            "module.eks.aws_security_group.cluster",
            "module.eks.aws_security_group.node",
            "module.eks.aws_security_group_rule.cluster",
            "module.eks.aws_security_group_rule.node",
            "module.eks.data.aws_caller_identity.current",
            "module.eks.data.aws_iam_policy_document.assume_role_policy",
            "module.eks.data.aws_partition.current",
            "module.eks.module.kms.aws_kms_external_key.this",
            "module.eks.module.kms.aws_kms_key.this",
            "module.eks.module.kms.data.aws_caller_identity.current",
            "module.eks.module.kms.data.aws_iam_policy_document.this",
            "module.eks.module.kms.data.aws_partition.current",
            "module.vpc.aws_subnet.private",
            "module.vpc.aws_vpc.this",
            "module.vpc.aws_vpc_ipv4_cidr_block_association.this",
            "random_string.suffix"
          ],
          "create_before_destroy": true
        }
      ]
    },
    {
      "module": "module.eks",
      "mode": "managed",
      "type": "aws_iam_openid_connect_provider",
      "name": "oidc_provider",
      "provider": "provider[\"registry.terraform.io/hashicorp/aws\"]",
      "instances": [
        {
          "index_key": 0,
          "schema_version": 0,
          "attributes": {
            "arn": "arn:aws:iam::072850500517:oidc-provider/oidc.eks.eu-central-1.amazonaws.com/id/E6E07139731CC316B5E4FF4C2BB04098",
            "client_id_list": [
              "sts.amazonaws.com"
            ],
            "id": "arn:aws:iam::072850500517:oidc-provider/oidc.eks.eu-central-1.amazonaws.com/id/E6E07139731CC316B5E4FF4C2BB04098",
            "tags": {
              "Name": "devops-upskill-eks-fdwO8Wic-eks-irsa"
            },
            "tags_all": {
              "Name": "devops-upskill-eks-fdwO8Wic-eks-irsa"
            },
            "thumbprint_list": [
              "9e99a48a9960b14926bb7f3b02e22da2b0ab7280",
              "06b25927c42a721631c1efd9431e648fa62e1e39",
              "917e732d330f9a12404f73d8bea36948b929dffc",
              "45f6cbedec2f49c9bedbd525d012b2b8137164d8"
            ],
            "url": "oidc.eks.eu-central-1.amazonaws.com/id/E6E07139731CC316B5E4FF4C2BB04098"
          },
          "sensitive_attributes": [],
          "private": "bnVsbA==",
          "dependencies": [
            "data.aws_availability_zones.available",
            "module.eks.aws_cloudwatch_log_group.this",
            "module.eks.aws_eks_cluster.this",
            "module.eks.aws_iam_role.this",
            "module.eks.aws_iam_role_policy_attachment.this",
            "module.eks.aws_security_group.cluster",
            "module.eks.aws_security_group.node",
            "module.eks.aws_security_group_rule.cluster",
            "module.eks.aws_security_group_rule.node",
            "module.eks.data.aws_caller_identity.current",
            "module.eks.data.aws_iam_policy_document.assume_role_policy",
            "module.eks.data.aws_partition.current",
            "module.eks.data.tls_certificate.this",
            "module.eks.module.kms.aws_kms_external_key.this",
            "module.eks.module.kms.aws_kms_key.this",
            "module.eks.module.kms.data.aws_caller_identity.current",
            "module.eks.module.kms.data.aws_iam_policy_document.this",
            "module.eks.module.kms.data.aws_partition.current",
            "module.vpc.aws_subnet.private",
            "module.vpc.aws_vpc.this",
            "module.vpc.aws_vpc_ipv4_cidr_block_association.this",
            "random_string.suffix"
          ]
        }
      ]
    },
    {
      "module": "module.eks",
      "mode": "managed",
      "type": "aws_iam_policy",
      "name": "cluster_encryption",
      "provider": "provider[\"registry.terraform.io/hashicorp/aws\"]",
      "instances": [
        {
          "index_key": 0,
          "schema_version": 0,
          "attributes": {
            "arn": "arn:aws:iam::072850500517:policy/devops-upskill-eks-fdwO8Wic-cluster-ClusterEncryption2023012414521012530000000e",
            "description": "Cluster encryption policy to allow cluster role to utilize CMK provided",
            "id": "arn:aws:iam::072850500517:policy/devops-upskill-eks-fdwO8Wic-cluster-ClusterEncryption2023012414521012530000000e",
            "name": "devops-upskill-eks-fdwO8Wic-cluster-ClusterEncryption2023012414521012530000000e",
            "name_prefix": "devops-upskill-eks-fdwO8Wic-cluster-ClusterEncryption",
            "path": "/",
            "policy": "{\"Statement\":[{\"Action\":[\"kms:Encrypt\",\"kms:Decrypt\",\"kms:ListGrants\",\"kms:DescribeKey\"],\"Effect\":\"Allow\",\"Resource\":\"arn:aws:kms:eu-central-1:072850500517:key/21c64bf2-938b-47da-acd8-b5ce07015804\"}],\"Version\":\"2012-10-17\"}",
            "policy_id": "ANPARB5R2NOS3YVO7F3C7",
            "tags": {},
            "tags_all": {}
          },
          "sensitive_attributes": [],
          "private": "bnVsbA==",
          "dependencies": [
            "module.eks.aws_iam_role.this",
            "module.eks.data.aws_caller_identity.current",
            "module.eks.data.aws_iam_policy_document.assume_role_policy",
            "module.eks.data.aws_partition.current",
            "module.eks.module.kms.aws_kms_external_key.this",
            "module.eks.module.kms.aws_kms_key.this",
            "module.eks.module.kms.data.aws_caller_identity.current",
            "module.eks.module.kms.data.aws_iam_policy_document.this",
            "module.eks.module.kms.data.aws_partition.current",
            "random_string.suffix"
          ]
        }
      ]
    },
    {
      "module": "module.eks",
      "mode": "managed",
      "type": "aws_iam_role",
      "name": "this",
      "provider": "provider[\"registry.terraform.io/hashicorp/aws\"]",
      "instances": [
        {
          "index_key": 0,
          "schema_version": 0,
          "attributes": {
            "arn": "arn:aws:iam::072850500517:role/devops-upskill-eks-fdwO8Wic-cluster-20230124145150692300000001",
            "assume_role_policy": "{\"Statement\":[{\"Action\":\"sts:AssumeRole\",\"Effect\":\"Allow\",\"Principal\":{\"Service\":\"eks.amazonaws.com\"},\"Sid\":\"EKSClusterAssumeRole\"}],\"Version\":\"2012-10-17\"}",
            "create_date": "2023-01-24T14:51:50Z",
            "description": "",
            "force_detach_policies": true,
            "id": "devops-upskill-eks-fdwO8Wic-cluster-20230124145150692300000001",
            "inline_policy": [
              {
                "name": "devops-upskill-eks-fdwO8Wic-cluster",
                "policy": "{\"Statement\":[{\"Action\":[\"logs:CreateLogGroup\"],\"Effect\":\"Deny\",\"Resource\":\"*\"}],\"Version\":\"2012-10-17\"}"
              }
            ],
            "managed_policy_arns": [
              "arn:aws:iam::072850500517:policy/devops-upskill-eks-fdwO8Wic-cluster-ClusterEncryption2023012414521012530000000e",
              "arn:aws:iam::aws:policy/AmazonEKSClusterPolicy",
              "arn:aws:iam::aws:policy/AmazonEKSVPCResourceController"
            ],
            "max_session_duration": 3600,
            "name": "devops-upskill-eks-fdwO8Wic-cluster-20230124145150692300000001",
            "name_prefix": "devops-upskill-eks-fdwO8Wic-cluster-",
            "path": "/",
            "permissions_boundary": null,
            "tags": {},
            "tags_all": {},
            "unique_id": "AROARB5R2NOST7D3RSSHL"
          },
          "sensitive_attributes": [],
          "private": "bnVsbA==",
          "dependencies": [
            "module.eks.data.aws_iam_policy_document.assume_role_policy",
            "module.eks.data.aws_partition.current",
            "random_string.suffix"
          ],
          "create_before_destroy": true
        }
      ]
    },
    {
      "module": "module.eks",
      "mode": "managed",
      "type": "aws_iam_role_policy_attachment",
      "name": "cluster_encryption",
      "provider": "provider[\"registry.terraform.io/hashicorp/aws\"]",
      "instances": [
        {
          "index_key": 0,
          "schema_version": 0,
          "attributes": {
            "id": "devops-upskill-eks-fdwO8Wic-cluster-20230124145150692300000001-2023012414521098380000000f",
            "policy_arn": "arn:aws:iam::072850500517:policy/devops-upskill-eks-fdwO8Wic-cluster-ClusterEncryption2023012414521012530000000e",
            "role": "devops-upskill-eks-fdwO8Wic-cluster-20230124145150692300000001"
          },
          "sensitive_attributes": [],
          "private": "bnVsbA==",
          "dependencies": [
            "module.eks.aws_iam_policy.cluster_encryption",
            "module.eks.aws_iam_role.this",
            "module.eks.data.aws_caller_identity.current",
            "module.eks.data.aws_iam_policy_document.assume_role_policy",
            "module.eks.data.aws_partition.current",
            "module.eks.module.kms.aws_kms_external_key.this",
            "module.eks.module.kms.aws_kms_key.this",
            "module.eks.module.kms.data.aws_caller_identity.current",
            "module.eks.module.kms.data.aws_iam_policy_document.this",
            "module.eks.module.kms.data.aws_partition.current",
            "random_string.suffix"
          ]
        }
      ]
    },
    {
      "module": "module.eks",
      "mode": "managed",
      "type": "aws_iam_role_policy_attachment",
      "name": "this",
      "provider": "provider[\"registry.terraform.io/hashicorp/aws\"]",
      "instances": [
        {
          "index_key": "AmazonEKSClusterPolicy",
          "schema_version": 0,
          "attributes": {
            "id": "devops-upskill-eks-fdwO8Wic-cluster-20230124145150692300000001-2023012414515334770000000a",
            "policy_arn": "arn:aws:iam::aws:policy/AmazonEKSClusterPolicy",
            "role": "devops-upskill-eks-fdwO8Wic-cluster-20230124145150692300000001"
          },
          "sensitive_attributes": [],
          "private": "bnVsbA==",
          "dependencies": [
            "module.eks.aws_iam_role.this",
            "module.eks.data.aws_iam_policy_document.assume_role_policy",
            "module.eks.data.aws_partition.current",
            "random_string.suffix"
          ],
          "create_before_destroy": true
        },
        {
          "index_key": "AmazonEKSVPCResourceController",
          "schema_version": 0,
          "attributes": {
            "id": "devops-upskill-eks-fdwO8Wic-cluster-20230124145150692300000001-2023012414515334810000000b",
            "policy_arn": "arn:aws:iam::aws:policy/AmazonEKSVPCResourceController",
            "role": "devops-upskill-eks-fdwO8Wic-cluster-20230124145150692300000001"
          },
          "sensitive_attributes": [],
          "private": "bnVsbA==",
          "dependencies": [
            "module.eks.aws_iam_role.this",
            "module.eks.data.aws_iam_policy_document.assume_role_policy",
            "module.eks.data.aws_partition.current",
            "random_string.suffix"
          ],
          "create_before_destroy": true
        }
      ]
    },
    {
      "module": "module.eks",
      "mode": "managed",
      "type": "aws_security_group",
      "name": "cluster",
      "provider": "provider[\"registry.terraform.io/hashicorp/aws\"]",
      "instances": [
        {
          "index_key": 0,
          "schema_version": 1,
          "attributes": {
            "arn": "arn:aws:ec2:eu-central-1:072850500517:security-group/sg-0019e119687afae73",
            "description": "EKS cluster security group",
            "egress": [],
            "id": "sg-0019e119687afae73",
            "ingress": [
              {
                "cidr_blocks": [],
                "description": "Node groups to cluster API",
                "from_port": 443,
                "ipv6_cidr_blocks": [],
                "prefix_list_ids": [],
                "protocol": "tcp",
                "security_groups": [
                  "sg-0baf887a5fc4152b7"
                ],
                "self": false,
                "to_port": 443
              }
            ],
            "name": "devops-upskill-eks-fdwO8Wic-cluster-2023012414520289650000000c",
            "name_prefix": "devops-upskill-eks-fdwO8Wic-cluster-",
            "owner_id": "072850500517",
            "revoke_rules_on_delete": false,
            "tags": {
              "Name": "devops-upskill-eks-fdwO8Wic-cluster"
            },
            "tags_all": {
              "Name": "devops-upskill-eks-fdwO8Wic-cluster"
            },
            "timeouts": null,
            "vpc_id": "vpc-0a9c9e6f6417080a0"
          },
          "sensitive_attributes": [],
          "private": "eyJlMmJmYjczMC1lY2FhLTExZTYtOGY4OC0zNDM2M2JjN2M0YzAiOnsiY3JlYXRlIjo2MDAwMDAwMDAwMDAsImRlbGV0ZSI6OTAwMDAwMDAwMDAwfSwic2NoZW1hX3ZlcnNpb24iOiIxIn0=",
          "dependencies": [
            "module.vpc.aws_vpc.this",
            "random_string.suffix"
          ],
          "create_before_destroy": true
        }
      ]
    },
    {
      "module": "module.eks",
      "mode": "managed",
      "type": "aws_security_group",
      "name": "node",
      "provider": "provider[\"registry.terraform.io/hashicorp/aws\"]",
      "instances": [
        {
          "index_key": 0,
          "schema_version": 1,
          "attributes": {
            "arn": "arn:aws:ec2:eu-central-1:072850500517:security-group/sg-0baf887a5fc4152b7",
            "description": "EKS node shared security group",
            "egress": [
              {
                "cidr_blocks": [
                  "0.0.0.0/0"
                ],
                "description": "Allow all egress",
                "from_port": 0,
                "ipv6_cidr_blocks": [],
                "prefix_list_ids": [],
                "protocol": "-1",
                "security_groups": [],
                "self": false,
                "to_port": 0
              }
            ],
            "id": "sg-0baf887a5fc4152b7",
            "ingress": [
              {
                "cidr_blocks": [],
                "description": "",
                "from_port": 0,
                "ipv6_cidr_blocks": [],
                "prefix_list_ids": [],
                "protocol": "-1",
                "security_groups": [
                  "sg-03876695bbdec5c25",
                  "sg-0fcc90b433fd6d6c8"
                ],
                "self": false,
                "to_port": 0
              },
              {
                "cidr_blocks": [],
                "description": "",
                "from_port": 0,
                "ipv6_cidr_blocks": [],
                "prefix_list_ids": [],
                "protocol": "-1",
                "security_groups": [
                  "sg-06d27accf55426a0f"
                ],
                "self": false,
                "to_port": 0
              },
              {
                "cidr_blocks": [],
                "description": "Cluster API to node 8443/tcp webhook",
                "from_port": 8443,
                "ipv6_cidr_blocks": [],
                "prefix_list_ids": [],
                "protocol": "tcp",
                "security_groups": [
                  "sg-0019e119687afae73"
                ],
                "self": false,
                "to_port": 8443
              },
              {
                "cidr_blocks": [],
                "description": "Cluster API to node 9443/tcp webhook",
                "from_port": 9443,
                "ipv6_cidr_blocks": [],
                "prefix_list_ids": [],
                "protocol": "tcp",
                "security_groups": [
                  "sg-0019e119687afae73"
                ],
                "self": false,
                "to_port": 9443
              },
              {
                "cidr_blocks": [],
                "description": "Cluster API to node groups",
                "from_port": 443,
                "ipv6_cidr_blocks": [],
                "prefix_list_ids": [],
                "protocol": "tcp",
                "security_groups": [
                  "sg-0019e119687afae73"
                ],
                "self": false,
                "to_port": 443
              },
              {
                "cidr_blocks": [],
                "description": "Cluster API to node kubelets",
                "from_port": 10250,
                "ipv6_cidr_blocks": [],
                "prefix_list_ids": [],
                "protocol": "tcp",
                "security_groups": [
                  "sg-0019e119687afae73"
                ],
                "self": false,
                "to_port": 10250
              },
              {
                "cidr_blocks": [],
                "description": "Node to node CoreDNS UDP",
                "from_port": 53,
                "ipv6_cidr_blocks": [],
                "prefix_list_ids": [],
                "protocol": "udp",
                "security_groups": [],
                "self": true,
                "to_port": 53
              },
              {
                "cidr_blocks": [],
                "description": "Node to node CoreDNS",
                "from_port": 53,
                "ipv6_cidr_blocks": [],
                "prefix_list_ids": [],
                "protocol": "tcp",
                "security_groups": [],
                "self": true,
                "to_port": 53
              },
              {
                "cidr_blocks": [],
                "description": "Node to node ingress on ephemeral ports",
                "from_port": 1025,
                "ipv6_cidr_blocks": [],
                "prefix_list_ids": [],
                "protocol": "tcp",
                "security_groups": [],
                "self": true,
                "to_port": 65535
              }
            ],
            "name": "devops-upskill-eks-fdwO8Wic-node-2023012414520291400000000d",
            "name_prefix": "devops-upskill-eks-fdwO8Wic-node-",
            "owner_id": "072850500517",
            "revoke_rules_on_delete": false,
            "tags": {
              "Name": "devops-upskill-eks-fdwO8Wic-node",
              "kubernetes.io/cluster/devops-upskill-eks-fdwO8Wic": "owned"
            },
            "tags_all": {
              "Name": "devops-upskill-eks-fdwO8Wic-node",
              "kubernetes.io/cluster/devops-upskill-eks-fdwO8Wic": "owned"
            },
            "timeouts": null,
            "vpc_id": "vpc-0a9c9e6f6417080a0"
          },
          "sensitive_attributes": [],
          "private": "eyJlMmJmYjczMC1lY2FhLTExZTYtOGY4OC0zNDM2M2JjN2M0YzAiOnsiY3JlYXRlIjo2MDAwMDAwMDAwMDAsImRlbGV0ZSI6OTAwMDAwMDAwMDAwfSwic2NoZW1hX3ZlcnNpb24iOiIxIn0=",
          "dependencies": [
            "module.vpc.aws_vpc.this",
            "random_string.suffix"
          ],
          "create_before_destroy": true
        }
      ]
    },
    {
      "module": "module.eks",
      "mode": "managed",
      "type": "aws_security_group_rule",
      "name": "cluster",
      "provider": "provider[\"registry.terraform.io/hashicorp/aws\"]",
      "instances": [
        {
          "index_key": "ingress_nodes_443",
          "schema_version": 2,
          "attributes": {
            "cidr_blocks": null,
            "description": "Node groups to cluster API",
            "from_port": 443,
            "id": "sgrule-379044064",
            "ipv6_cidr_blocks": null,
            "prefix_list_ids": null,
            "protocol": "tcp",
            "security_group_id": "sg-0019e119687afae73",
            "security_group_rule_id": "sgr-09e7fa3e9e8f2ed3c",
            "self": false,
            "source_security_group_id": "sg-0baf887a5fc4152b7",
            "timeouts": null,
            "to_port": 443,
            "type": "ingress"
          },
          "sensitive_attributes": [],
          "private": "eyJlMmJmYjczMC1lY2FhLTExZTYtOGY4OC0zNDM2M2JjN2M0YzAiOnsiY3JlYXRlIjozMDAwMDAwMDAwMDB9LCJzY2hlbWFfdmVyc2lvbiI6IjIifQ==",
          "dependencies": [
            "module.eks.aws_security_group.cluster",
            "module.eks.aws_security_group.node",
            "module.vpc.aws_vpc.this",
            "random_string.suffix"
          ],
          "create_before_destroy": true
        }
      ]
    },
    {
      "module": "module.eks",
      "mode": "managed",
      "type": "aws_security_group_rule",
      "name": "node",
      "provider": "provider[\"registry.terraform.io/hashicorp/aws\"]",
      "instances": [
        {
          "index_key": "egress_all",
          "schema_version": 2,
          "attributes": {
            "cidr_blocks": [
              "0.0.0.0/0"
            ],
            "description": "Allow all egress",
            "from_port": 0,
            "id": "sgrule-919141256",
            "ipv6_cidr_blocks": null,
            "prefix_list_ids": [],
            "protocol": "-1",
            "security_group_id": "sg-0baf887a5fc4152b7",
            "security_group_rule_id": "sgr-055b4257fd79ad9fb",
            "self": false,
            "source_security_group_id": null,
            "timeouts": null,
            "to_port": 0,
            "type": "egress"
          },
          "sensitive_attributes": [],
          "private": "eyJlMmJmYjczMC1lY2FhLTExZTYtOGY4OC0zNDM2M2JjN2M0YzAiOnsiY3JlYXRlIjozMDAwMDAwMDAwMDB9LCJzY2hlbWFfdmVyc2lvbiI6IjIifQ==",
          "dependencies": [
            "module.eks.aws_security_group.cluster",
            "module.eks.aws_security_group.node",
            "module.vpc.aws_vpc.this",
            "random_string.suffix"
          ],
          "create_before_destroy": true
        },
        {
          "index_key": "ingress_cluster_443",
          "schema_version": 2,
          "attributes": {
            "cidr_blocks": null,
            "description": "Cluster API to node groups",
            "from_port": 443,
            "id": "sgrule-1796397075",
            "ipv6_cidr_blocks": null,
            "prefix_list_ids": [],
            "protocol": "tcp",
            "security_group_id": "sg-0baf887a5fc4152b7",
            "security_group_rule_id": "sgr-0b8b69959b4cac6fe",
            "self": false,
            "source_security_group_id": "sg-0019e119687afae73",
            "timeouts": null,
            "to_port": 443,
            "type": "ingress"
          },
          "sensitive_attributes": [],
          "private": "eyJlMmJmYjczMC1lY2FhLTExZTYtOGY4OC0zNDM2M2JjN2M0YzAiOnsiY3JlYXRlIjozMDAwMDAwMDAwMDB9LCJzY2hlbWFfdmVyc2lvbiI6IjIifQ==",
          "dependencies": [
            "module.eks.aws_security_group.cluster",
            "module.eks.aws_security_group.node",
            "module.vpc.aws_vpc.this",
            "random_string.suffix"
          ],
          "create_before_destroy": true
        },
        {
          "index_key": "ingress_cluster_8443_webhook",
          "schema_version": 2,
          "attributes": {
            "cidr_blocks": null,
            "description": "Cluster API to node 8443/tcp webhook",
            "from_port": 8443,
            "id": "sgrule-3504378909",
            "ipv6_cidr_blocks": null,
            "prefix_list_ids": [],
            "protocol": "tcp",
            "security_group_id": "sg-0baf887a5fc4152b7",
            "security_group_rule_id": "sgr-0d20a1dce29fade21",
            "self": false,
            "source_security_group_id": "sg-0019e119687afae73",
            "timeouts": null,
            "to_port": 8443,
            "type": "ingress"
          },
          "sensitive_attributes": [],
          "private": "eyJlMmJmYjczMC1lY2FhLTExZTYtOGY4OC0zNDM2M2JjN2M0YzAiOnsiY3JlYXRlIjozMDAwMDAwMDAwMDB9LCJzY2hlbWFfdmVyc2lvbiI6IjIifQ==",
          "dependencies": [
            "module.eks.aws_security_group.cluster",
            "module.eks.aws_security_group.node",
            "module.vpc.aws_vpc.this",
            "random_string.suffix"
          ],
          "create_before_destroy": true
        },
        {
          "index_key": "ingress_cluster_9443_webhook",
          "schema_version": 2,
          "attributes": {
            "cidr_blocks": null,
            "description": "Cluster API to node 9443/tcp webhook",
            "from_port": 9443,
            "id": "sgrule-3024201686",
            "ipv6_cidr_blocks": null,
            "prefix_list_ids": [],
            "protocol": "tcp",
            "security_group_id": "sg-0baf887a5fc4152b7",
            "security_group_rule_id": "sgr-081fef20efc4fdfbf",
            "self": false,
            "source_security_group_id": "sg-0019e119687afae73",
            "timeouts": null,
            "to_port": 9443,
            "type": "ingress"
          },
          "sensitive_attributes": [],
          "private": "eyJlMmJmYjczMC1lY2FhLTExZTYtOGY4OC0zNDM2M2JjN2M0YzAiOnsiY3JlYXRlIjozMDAwMDAwMDAwMDB9LCJzY2hlbWFfdmVyc2lvbiI6IjIifQ==",
          "dependencies": [
            "module.eks.aws_security_group.cluster",
            "module.eks.aws_security_group.node",
            "module.vpc.aws_vpc.this",
            "random_string.suffix"
          ],
          "create_before_destroy": true
        },
        {
          "index_key": "ingress_cluster_kubelet",
          "schema_version": 2,
          "attributes": {
            "cidr_blocks": null,
            "description": "Cluster API to node kubelets",
            "from_port": 10250,
            "id": "sgrule-122481150",
            "ipv6_cidr_blocks": null,
            "prefix_list_ids": [],
            "protocol": "tcp",
            "security_group_id": "sg-0baf887a5fc4152b7",
            "security_group_rule_id": "sgr-09ccf2ae4a4a16a71",
            "self": false,
            "source_security_group_id": "sg-0019e119687afae73",
            "timeouts": null,
            "to_port": 10250,
            "type": "ingress"
          },
          "sensitive_attributes": [],
          "private": "eyJlMmJmYjczMC1lY2FhLTExZTYtOGY4OC0zNDM2M2JjN2M0YzAiOnsiY3JlYXRlIjozMDAwMDAwMDAwMDB9LCJzY2hlbWFfdmVyc2lvbiI6IjIifQ==",
          "dependencies": [
            "module.eks.aws_security_group.cluster",
            "module.eks.aws_security_group.node",
            "module.vpc.aws_vpc.this",
            "random_string.suffix"
          ],
          "create_before_destroy": true
        },
        {
          "index_key": "ingress_nodes_ephemeral",
          "schema_version": 2,
          "attributes": {
            "cidr_blocks": null,
            "description": "Node to node ingress on ephemeral ports",
            "from_port": 1025,
            "id": "sgrule-3875886937",
            "ipv6_cidr_blocks": null,
            "prefix_list_ids": [],
            "protocol": "tcp",
            "security_group_id": "sg-0baf887a5fc4152b7",
            "security_group_rule_id": "sgr-007183f8d99984197",
            "self": true,
            "source_security_group_id": null,
            "timeouts": null,
            "to_port": 65535,
            "type": "ingress"
          },
          "sensitive_attributes": [],
          "private": "eyJlMmJmYjczMC1lY2FhLTExZTYtOGY4OC0zNDM2M2JjN2M0YzAiOnsiY3JlYXRlIjozMDAwMDAwMDAwMDB9LCJzY2hlbWFfdmVyc2lvbiI6IjIifQ==",
          "dependencies": [
            "module.eks.aws_security_group.cluster",
            "module.eks.aws_security_group.node",
            "module.vpc.aws_vpc.this",
            "random_string.suffix"
          ],
          "create_before_destroy": true
        },
        {
          "index_key": "ingress_self_coredns_tcp",
          "schema_version": 2,
          "attributes": {
            "cidr_blocks": null,
            "description": "Node to node CoreDNS",
            "from_port": 53,
            "id": "sgrule-3309969497",
            "ipv6_cidr_blocks": null,
            "prefix_list_ids": [],
            "protocol": "tcp",
            "security_group_id": "sg-0baf887a5fc4152b7",
            "security_group_rule_id": "sgr-0e73a08d2a56686d3",
            "self": true,
            "source_security_group_id": null,
            "timeouts": null,
            "to_port": 53,
            "type": "ingress"
          },
          "sensitive_attributes": [],
          "private": "eyJlMmJmYjczMC1lY2FhLTExZTYtOGY4OC0zNDM2M2JjN2M0YzAiOnsiY3JlYXRlIjozMDAwMDAwMDAwMDB9LCJzY2hlbWFfdmVyc2lvbiI6IjIifQ==",
          "dependencies": [
            "module.eks.aws_security_group.cluster",
            "module.eks.aws_security_group.node",
            "module.vpc.aws_vpc.this",
            "random_string.suffix"
          ],
          "create_before_destroy": true
        },
        {
          "index_key": "ingress_self_coredns_udp",
          "schema_version": 2,
          "attributes": {
            "cidr_blocks": null,
            "description": "Node to node CoreDNS UDP",
            "from_port": 53,
            "id": "sgrule-1628799926",
            "ipv6_cidr_blocks": null,
            "prefix_list_ids": [],
            "protocol": "udp",
            "security_group_id": "sg-0baf887a5fc4152b7",
            "security_group_rule_id": "sgr-01ee23439da3b9def",
            "self": true,
            "source_security_group_id": null,
            "timeouts": null,
            "to_port": 53,
            "type": "ingress"
          },
          "sensitive_attributes": [],
          "private": "eyJlMmJmYjczMC1lY2FhLTExZTYtOGY4OC0zNDM2M2JjN2M0YzAiOnsiY3JlYXRlIjozMDAwMDAwMDAwMDB9LCJzY2hlbWFfdmVyc2lvbiI6IjIifQ==",
          "dependencies": [
            "module.eks.aws_security_group.cluster",
            "module.eks.aws_security_group.node",
            "module.vpc.aws_vpc.this",
            "random_string.suffix"
          ],
          "create_before_destroy": true
        }
      ]
    },
    {
      "module": "module.eks.module.eks_managed_node_group[\"one\"]",
      "mode": "data",
      "type": "aws_caller_identity",
      "name": "current",
      "provider": "provider[\"registry.terraform.io/hashicorp/aws\"]",
      "instances": [
        {
          "schema_version": 0,
          "attributes": {
            "account_id": "072850500517",
            "arn": "arn:aws:iam::072850500517:user/admin",
            "id": "072850500517",
            "user_id": "AIDARB5R2NOS5NYD5CM2W"
          },
          "sensitive_attributes": []
        }
      ]
    },
    {
      "module": "module.eks.module.eks_managed_node_group[\"one\"]",
      "mode": "data",
      "type": "aws_iam_policy_document",
      "name": "assume_role_policy",
      "provider": "provider[\"registry.terraform.io/hashicorp/aws\"]",
      "instances": [
        {
          "index_key": 0,
          "schema_version": 0,
          "attributes": {
            "id": "2560088296",
            "json": "{\n  \"Version\": \"2012-10-17\",\n  \"Statement\": [\n    {\n      \"Sid\": \"EKSNodeAssumeRole\",\n      \"Effect\": \"Allow\",\n      \"Action\": \"sts:AssumeRole\",\n      \"Principal\": {\n        \"Service\": \"ec2.amazonaws.com\"\n      }\n    }\n  ]\n}",
            "override_json": null,
            "override_policy_documents": null,
            "policy_id": null,
            "source_json": null,
            "source_policy_documents": null,
            "statement": [
              {
                "actions": [
                  "sts:AssumeRole"
                ],
                "condition": [],
                "effect": "Allow",
                "not_actions": [],
                "not_principals": [],
                "not_resources": [],
                "principals": [
                  {
                    "identifiers": [
                      "ec2.amazonaws.com"
                    ],
                    "type": "Service"
                  }
                ],
                "resources": [],
                "sid": "EKSNodeAssumeRole"
              }
            ],
            "version": "2012-10-17"
          },
          "sensitive_attributes": []
        }
      ]
    },
    {
      "module": "module.eks.module.eks_managed_node_group[\"one\"]",
      "mode": "data",
      "type": "aws_partition",
      "name": "current",
      "provider": "provider[\"registry.terraform.io/hashicorp/aws\"]",
      "instances": [
        {
          "schema_version": 0,
          "attributes": {
            "dns_suffix": "amazonaws.com",
            "id": "aws",
            "partition": "aws",
            "reverse_dns_prefix": "com.amazonaws"
          },
          "sensitive_attributes": []
        }
      ]
    },
    {
      "module": "module.eks.module.eks_managed_node_group[\"one\"]",
      "mode": "managed",
      "type": "aws_eks_node_group",
      "name": "this",
      "provider": "provider[\"registry.terraform.io/hashicorp/aws\"]",
      "instances": [
        {
          "index_key": 0,
          "schema_version": 0,
          "attributes": {
            "ami_type": "AL2_x86_64",
            "arn": "arn:aws:eks:eu-central-1:072850500517:nodegroup/devops-upskill-eks-fdwO8Wic/node-group-1-20230124150429187500000015/c6c2f227-8e3f-b221-2a59-822e877897c6",
            "capacity_type": "ON_DEMAND",
            "cluster_name": "devops-upskill-eks-fdwO8Wic",
            "disk_size": 0,
            "force_update_version": null,
            "id": "devops-upskill-eks-fdwO8Wic:node-group-1-20230124150429187500000015",
            "instance_types": [
              "t3.small"
            ],
            "labels": {},
            "launch_template": [
              {
                "id": "lt-0e82c7e26c08b3b3a",
                "name": "one-20230124150427407900000013",
                "version": "1"
              }
            ],
            "node_group_name": "node-group-1-20230124150429187500000015",
            "node_group_name_prefix": "node-group-1-",
            "node_role_arn": "arn:aws:iam::072850500517:role/node-group-1-eks-node-group-20230124145150770700000002",
            "release_version": "1.24.7-20230105",
            "remote_access": [],
            "resources": [
              {
                "autoscaling_groups": [
                  {
                    "name": "eks-node-group-1-20230124150429187500000015-c6c2f227-8e3f-b221-2a59-822e877897c6"
                  }
                ],
                "remote_access_security_group_id": ""
              }
            ],
            "scaling_config": [
              {
                "desired_size": 2,
                "max_size": 3,
                "min_size": 1
              }
            ],
            "status": "ACTIVE",
            "subnet_ids": [
              "subnet-023d112e1c5a7cfe8",
              "subnet-062914bd808316edc",
              "subnet-0806e349d75137980"
            ],
            "tags": {
              "Name": "node-group-1"
            },
            "tags_all": {
              "Name": "node-group-1"
            },
            "taint": [],
            "timeouts": {
              "create": null,
              "delete": null,
              "update": null
            },
            "update_config": [
              {
                "max_unavailable": 0,
                "max_unavailable_percentage": 33
              }
            ],
            "version": "1.24"
          },
          "sensitive_attributes": [],
          "private": "eyJlMmJmYjczMC1lY2FhLTExZTYtOGY4OC0zNDM2M2JjN2M0YzAiOnsiY3JlYXRlIjozNjAwMDAwMDAwMDAwLCJkZWxldGUiOjM2MDAwMDAwMDAwMDAsInVwZGF0ZSI6MzYwMDAwMDAwMDAwMH19",
          "dependencies": [
            "data.aws_availability_zones.available",
            "module.eks.aws_cloudwatch_log_group.this",
            "module.eks.aws_eks_cluster.this",
            "module.eks.aws_iam_role.this",
            "module.eks.aws_iam_role_policy_attachment.this",
            "module.eks.aws_security_group.cluster",
            "module.eks.aws_security_group.node",
            "module.eks.aws_security_group_rule.cluster",
            "module.eks.aws_security_group_rule.node",
            "module.eks.data.aws_caller_identity.current",
            "module.eks.data.aws_iam_policy_document.assume_role_policy",
            "module.eks.data.aws_partition.current",
            "module.eks.module.eks_managed_node_group.aws_iam_role.this",
            "module.eks.module.eks_managed_node_group.aws_iam_role_policy_attachment.this",
            "module.eks.module.eks_managed_node_group.aws_launch_template.this",
            "module.eks.module.eks_managed_node_group.data.aws_caller_identity.current",
            "module.eks.module.eks_managed_node_group.data.aws_iam_policy_document.assume_role_policy",
            "module.eks.module.eks_managed_node_group.data.aws_partition.current",
            "module.eks.module.eks_managed_node_group.module.user_data.data.cloudinit_config.linux_eks_managed_node_group",
            "module.eks.module.kms.aws_kms_external_key.this",
            "module.eks.module.kms.aws_kms_key.this",
            "module.eks.module.kms.data.aws_caller_identity.current",
            "module.eks.module.kms.data.aws_iam_policy_document.this",
            "module.eks.module.kms.data.aws_partition.current",
            "module.vpc.aws_subnet.private",
            "module.vpc.aws_vpc.this",
            "module.vpc.aws_vpc_ipv4_cidr_block_association.this",
            "random_string.suffix"
          ],
          "create_before_destroy": true
        }
      ]
    },
    {
      "module": "module.eks.module.eks_managed_node_group[\"one\"]",
      "mode": "managed",
      "type": "aws_iam_role",
      "name": "this",
      "provider": "provider[\"registry.terraform.io/hashicorp/aws\"]",
      "instances": [
        {
          "index_key": 0,
          "schema_version": 0,
          "attributes": {
            "arn": "arn:aws:iam::072850500517:role/node-group-1-eks-node-group-20230124145150770700000002",
            "assume_role_policy": "{\"Statement\":[{\"Action\":\"sts:AssumeRole\",\"Effect\":\"Allow\",\"Principal\":{\"Service\":\"ec2.amazonaws.com\"},\"Sid\":\"EKSNodeAssumeRole\"}],\"Version\":\"2012-10-17\"}",
            "create_date": "2023-01-24T14:51:50Z",
            "description": "EKS managed node group IAM role",
            "force_detach_policies": true,
            "id": "node-group-1-eks-node-group-20230124145150770700000002",
            "inline_policy": [],
            "managed_policy_arns": [
              "arn:aws:iam::aws:policy/AmazonEC2ContainerRegistryReadOnly",
              "arn:aws:iam::aws:policy/AmazonEKSWorkerNodePolicy",
              "arn:aws:iam::aws:policy/AmazonEKS_CNI_Policy"
            ],
            "max_session_duration": 3600,
            "name": "node-group-1-eks-node-group-20230124145150770700000002",
            "name_prefix": "node-group-1-eks-node-group-",
            "path": "/",
            "permissions_boundary": null,
            "tags": {},
            "tags_all": {},
            "unique_id": "AROARB5R2NOSQ42KQLTET"
          },
          "sensitive_attributes": [],
          "private": "bnVsbA==",
          "dependencies": [
            "module.eks.module.eks_managed_node_group.data.aws_iam_policy_document.assume_role_policy",
            "module.eks.module.eks_managed_node_group.data.aws_partition.current"
          ],
          "create_before_destroy": true
        }
      ]
    },
    {
      "module": "module.eks.module.eks_managed_node_group[\"one\"]",
      "mode": "managed",
      "type": "aws_iam_role_policy_attachment",
      "name": "this",
      "provider": "provider[\"registry.terraform.io/hashicorp/aws\"]",
      "instances": [
        {
          "index_key": "arn:aws:iam::aws:policy/AmazonEC2ContainerRegistryReadOnly",
          "schema_version": 0,
          "attributes": {
            "id": "node-group-1-eks-node-group-20230124145150770700000002-20230124145152721500000006",
            "policy_arn": "arn:aws:iam::aws:policy/AmazonEC2ContainerRegistryReadOnly",
            "role": "node-group-1-eks-node-group-20230124145150770700000002"
          },
          "sensitive_attributes": [],
          "private": "bnVsbA==",
          "dependencies": [
            "module.eks.module.eks_managed_node_group.aws_iam_role.this",
            "module.eks.module.eks_managed_node_group.data.aws_caller_identity.current",
            "module.eks.module.eks_managed_node_group.data.aws_iam_policy_document.assume_role_policy",
            "module.eks.module.eks_managed_node_group.data.aws_partition.current"
          ],
          "create_before_destroy": true
        },
        {
          "index_key": "arn:aws:iam::aws:policy/AmazonEKSWorkerNodePolicy",
          "schema_version": 0,
          "attributes": {
            "id": "node-group-1-eks-node-group-20230124145150770700000002-20230124145152568000000005",
            "policy_arn": "arn:aws:iam::aws:policy/AmazonEKSWorkerNodePolicy",
            "role": "node-group-1-eks-node-group-20230124145150770700000002"
          },
          "sensitive_attributes": [],
          "private": "bnVsbA==",
          "dependencies": [
            "module.eks.module.eks_managed_node_group.aws_iam_role.this",
            "module.eks.module.eks_managed_node_group.data.aws_caller_identity.current",
            "module.eks.module.eks_managed_node_group.data.aws_iam_policy_document.assume_role_policy",
            "module.eks.module.eks_managed_node_group.data.aws_partition.current"
          ],
          "create_before_destroy": true
        },
        {
          "index_key": "arn:aws:iam::aws:policy/AmazonEKS_CNI_Policy",
          "schema_version": 0,
          "attributes": {
            "id": "node-group-1-eks-node-group-20230124145150770700000002-20230124145152924300000009",
            "policy_arn": "arn:aws:iam::aws:policy/AmazonEKS_CNI_Policy",
            "role": "node-group-1-eks-node-group-20230124145150770700000002"
          },
          "sensitive_attributes": [],
          "private": "bnVsbA==",
          "dependencies": [
            "module.eks.module.eks_managed_node_group.aws_iam_role.this",
            "module.eks.module.eks_managed_node_group.data.aws_caller_identity.current",
            "module.eks.module.eks_managed_node_group.data.aws_iam_policy_document.assume_role_policy",
            "module.eks.module.eks_managed_node_group.data.aws_partition.current"
          ],
          "create_before_destroy": true
        }
      ]
    },
    {
      "module": "module.eks.module.eks_managed_node_group[\"one\"]",
      "mode": "managed",
      "type": "aws_launch_template",
      "name": "this",
      "provider": "provider[\"registry.terraform.io/hashicorp/aws\"]",
      "instances": [
        {
          "index_key": 0,
          "schema_version": 0,
          "attributes": {
            "arn": "arn:aws:ec2:eu-central-1:072850500517:launch-template/lt-0e82c7e26c08b3b3a",
            "block_device_mappings": [],
            "capacity_reservation_specification": [],
            "cpu_options": [],
            "credit_specification": [],
            "default_version": 1,
            "description": "Custom launch template for node-group-1 EKS managed node group",
            "disable_api_stop": false,
            "disable_api_termination": false,
            "ebs_optimized": "",
            "elastic_gpu_specifications": [],
            "elastic_inference_accelerator": [],
            "enclave_options": [],
            "hibernation_options": [],
            "iam_instance_profile": [],
            "id": "lt-0e82c7e26c08b3b3a",
            "image_id": "",
            "instance_initiated_shutdown_behavior": "",
            "instance_market_options": [],
            "instance_requirements": [],
            "instance_type": "",
            "kernel_id": "",
            "key_name": "",
            "latest_version": 1,
            "license_specification": [],
            "maintenance_options": [],
            "metadata_options": [
              {
                "http_endpoint": "enabled",
                "http_protocol_ipv6": "disabled",
                "http_put_response_hop_limit": 2,
                "http_tokens": "required",
                "instance_metadata_tags": "disabled"
              }
            ],
            "monitoring": [
              {
                "enabled": true
              }
            ],
            "name": "one-20230124150427407900000013",
            "name_prefix": "one-",
            "network_interfaces": [],
            "placement": [],
            "private_dns_name_options": [],
            "ram_disk_id": "",
            "security_group_names": [],
            "tag_specifications": [
              {
                "resource_type": "instance",
                "tags": {
                  "Name": "node-group-1"
                }
              },
              {
                "resource_type": "network-interface",
                "tags": {
                  "Name": "node-group-1"
                }
              },
              {
                "resource_type": "volume",
                "tags": {
                  "Name": "node-group-1"
                }
              }
            ],
            "tags": {},
            "tags_all": {},
            "update_default_version": true,
            "user_data": "",
            "vpc_security_group_ids": [
              "sg-0baf887a5fc4152b7"
            ]
          },
          "sensitive_attributes": [],
          "private": "bnVsbA==",
          "dependencies": [
            "data.aws_availability_zones.available",
            "module.eks.aws_cloudwatch_log_group.this",
            "module.eks.aws_eks_cluster.this",
            "module.eks.aws_iam_role.this",
            "module.eks.aws_iam_role_policy_attachment.this",
            "module.eks.aws_security_group.cluster",
            "module.eks.aws_security_group.node",
            "module.eks.aws_security_group_rule.cluster",
            "module.eks.aws_security_group_rule.node",
            "module.eks.data.aws_caller_identity.current",
            "module.eks.data.aws_iam_policy_document.assume_role_policy",
            "module.eks.data.aws_partition.current",
            "module.eks.module.eks_managed_node_group.aws_iam_role.this",
            "module.eks.module.eks_managed_node_group.aws_iam_role_policy_attachment.this",
            "module.eks.module.eks_managed_node_group.data.aws_caller_identity.current",
            "module.eks.module.eks_managed_node_group.data.aws_iam_policy_document.assume_role_policy",
            "module.eks.module.eks_managed_node_group.data.aws_partition.current",
            "module.eks.module.eks_managed_node_group.module.user_data.data.cloudinit_config.linux_eks_managed_node_group",
            "module.eks.module.kms.aws_kms_external_key.this",
            "module.eks.module.kms.aws_kms_key.this",
            "module.eks.module.kms.data.aws_caller_identity.current",
            "module.eks.module.kms.data.aws_iam_policy_document.this",
            "module.eks.module.kms.data.aws_partition.current",
            "module.vpc.aws_subnet.private",
            "module.vpc.aws_vpc.this",
            "module.vpc.aws_vpc_ipv4_cidr_block_association.this",
            "random_string.suffix"
          ],
          "create_before_destroy": true
        }
      ]
    },
    {
      "module": "module.eks.module.eks_managed_node_group[\"two\"]",
      "mode": "data",
      "type": "aws_caller_identity",
      "name": "current",
      "provider": "provider[\"registry.terraform.io/hashicorp/aws\"]",
      "instances": [
        {
          "schema_version": 0,
          "attributes": {
            "account_id": "072850500517",
            "arn": "arn:aws:iam::072850500517:user/admin",
            "id": "072850500517",
            "user_id": "AIDARB5R2NOS5NYD5CM2W"
          },
          "sensitive_attributes": []
        }
      ]
    },
    {
      "module": "module.eks.module.eks_managed_node_group[\"two\"]",
      "mode": "data",
      "type": "aws_iam_policy_document",
      "name": "assume_role_policy",
      "provider": "provider[\"registry.terraform.io/hashicorp/aws\"]",
      "instances": [
        {
          "index_key": 0,
          "schema_version": 0,
          "attributes": {
            "id": "2560088296",
            "json": "{\n  \"Version\": \"2012-10-17\",\n  \"Statement\": [\n    {\n      \"Sid\": \"EKSNodeAssumeRole\",\n      \"Effect\": \"Allow\",\n      \"Action\": \"sts:AssumeRole\",\n      \"Principal\": {\n        \"Service\": \"ec2.amazonaws.com\"\n      }\n    }\n  ]\n}",
            "override_json": null,
            "override_policy_documents": null,
            "policy_id": null,
            "source_json": null,
            "source_policy_documents": null,
            "statement": [
              {
                "actions": [
                  "sts:AssumeRole"
                ],
                "condition": [],
                "effect": "Allow",
                "not_actions": [],
                "not_principals": [],
                "not_resources": [],
                "principals": [
                  {
                    "identifiers": [
                      "ec2.amazonaws.com"
                    ],
                    "type": "Service"
                  }
                ],
                "resources": [],
                "sid": "EKSNodeAssumeRole"
              }
            ],
            "version": "2012-10-17"
          },
          "sensitive_attributes": []
        }
      ]
    },
    {
      "module": "module.eks.module.eks_managed_node_group[\"two\"]",
      "mode": "data",
      "type": "aws_partition",
      "name": "current",
      "provider": "provider[\"registry.terraform.io/hashicorp/aws\"]",
      "instances": [
        {
          "schema_version": 0,
          "attributes": {
            "dns_suffix": "amazonaws.com",
            "id": "aws",
            "partition": "aws",
            "reverse_dns_prefix": "com.amazonaws"
          },
          "sensitive_attributes": []
        }
      ]
    },
    {
      "module": "module.eks.module.eks_managed_node_group[\"two\"]",
      "mode": "managed",
      "type": "aws_eks_node_group",
      "name": "this",
      "provider": "provider[\"registry.terraform.io/hashicorp/aws\"]",
      "instances": [
        {
          "index_key": 0,
          "schema_version": 0,
          "attributes": {
            "ami_type": "AL2_x86_64",
            "arn": "arn:aws:eks:eu-central-1:072850500517:nodegroup/devops-upskill-eks-fdwO8Wic/node-group-2-20230124150429217000000017/98c2f227-8e48-24ac-c2aa-cee4c05b04ea",
            "capacity_type": "ON_DEMAND",
            "cluster_name": "devops-upskill-eks-fdwO8Wic",
            "disk_size": 0,
            "force_update_version": null,
            "id": "devops-upskill-eks-fdwO8Wic:node-group-2-20230124150429217000000017",
            "instance_types": [
              "t3.small"
            ],
            "labels": {},
            "launch_template": [
              {
                "id": "lt-0ff5f0e97f5c03bc5",
                "name": "two-20230124150427407500000011",
                "version": "1"
              }
            ],
            "node_group_name": "node-group-2-20230124150429217000000017",
            "node_group_name_prefix": "node-group-2-",
            "node_role_arn": "arn:aws:iam::072850500517:role/node-group-2-eks-node-group-20230124145150843300000003",
            "release_version": "1.24.7-20230105",
            "remote_access": [],
            "resources": [
              {
                "autoscaling_groups": [
                  {
                    "name": "eks-node-group-2-20230124150429217000000017-98c2f227-8e48-24ac-c2aa-cee4c05b04ea"
                  }
                ],
                "remote_access_security_group_id": ""
              }
            ],
            "scaling_config": [
              {
                "desired_size": 1,
                "max_size": 2,
                "min_size": 1
              }
            ],
            "status": "ACTIVE",
            "subnet_ids": [
              "subnet-023d112e1c5a7cfe8",
              "subnet-062914bd808316edc",
              "subnet-0806e349d75137980"
            ],
            "tags": {
              "Name": "node-group-2"
            },
            "tags_all": {
              "Name": "node-group-2"
            },
            "taint": [],
            "timeouts": {
              "create": null,
              "delete": null,
              "update": null
            },
            "update_config": [
              {
                "max_unavailable": 0,
                "max_unavailable_percentage": 33
              }
            ],
            "version": "1.24"
          },
          "sensitive_attributes": [],
          "private": "eyJlMmJmYjczMC1lY2FhLTExZTYtOGY4OC0zNDM2M2JjN2M0YzAiOnsiY3JlYXRlIjozNjAwMDAwMDAwMDAwLCJkZWxldGUiOjM2MDAwMDAwMDAwMDAsInVwZGF0ZSI6MzYwMDAwMDAwMDAwMH19",
          "dependencies": [
            "data.aws_availability_zones.available",
            "module.eks.aws_cloudwatch_log_group.this",
            "module.eks.aws_eks_cluster.this",
            "module.eks.aws_iam_role.this",
            "module.eks.aws_iam_role_policy_attachment.this",
            "module.eks.aws_security_group.cluster",
            "module.eks.aws_security_group.node",
            "module.eks.aws_security_group_rule.cluster",
            "module.eks.aws_security_group_rule.node",
            "module.eks.data.aws_caller_identity.current",
            "module.eks.data.aws_iam_policy_document.assume_role_policy",
            "module.eks.data.aws_partition.current",
            "module.eks.module.eks_managed_node_group.aws_iam_role.this",
            "module.eks.module.eks_managed_node_group.aws_iam_role_policy_attachment.this",
            "module.eks.module.eks_managed_node_group.aws_launch_template.this",
            "module.eks.module.eks_managed_node_group.data.aws_caller_identity.current",
            "module.eks.module.eks_managed_node_group.data.aws_iam_policy_document.assume_role_policy",
            "module.eks.module.eks_managed_node_group.data.aws_partition.current",
            "module.eks.module.eks_managed_node_group.module.user_data.data.cloudinit_config.linux_eks_managed_node_group",
            "module.eks.module.kms.aws_kms_external_key.this",
            "module.eks.module.kms.aws_kms_key.this",
            "module.eks.module.kms.data.aws_caller_identity.current",
            "module.eks.module.kms.data.aws_iam_policy_document.this",
            "module.eks.module.kms.data.aws_partition.current",
            "module.vpc.aws_subnet.private",
            "module.vpc.aws_vpc.this",
            "module.vpc.aws_vpc_ipv4_cidr_block_association.this",
            "random_string.suffix"
          ],
          "create_before_destroy": true
        }
      ]
    },
    {
      "module": "module.eks.module.eks_managed_node_group[\"two\"]",
      "mode": "managed",
      "type": "aws_iam_role",
      "name": "this",
      "provider": "provider[\"registry.terraform.io/hashicorp/aws\"]",
      "instances": [
        {
          "index_key": 0,
          "schema_version": 0,
          "attributes": {
            "arn": "arn:aws:iam::072850500517:role/node-group-2-eks-node-group-20230124145150843300000003",
            "assume_role_policy": "{\"Statement\":[{\"Action\":\"sts:AssumeRole\",\"Effect\":\"Allow\",\"Principal\":{\"Service\":\"ec2.amazonaws.com\"},\"Sid\":\"EKSNodeAssumeRole\"}],\"Version\":\"2012-10-17\"}",
            "create_date": "2023-01-24T14:51:50Z",
            "description": "EKS managed node group IAM role",
            "force_detach_policies": true,
            "id": "node-group-2-eks-node-group-20230124145150843300000003",
            "inline_policy": [],
            "managed_policy_arns": [
              "arn:aws:iam::aws:policy/AmazonEC2ContainerRegistryReadOnly",
              "arn:aws:iam::aws:policy/AmazonEKSWorkerNodePolicy",
              "arn:aws:iam::aws:policy/AmazonEKS_CNI_Policy"
            ],
            "max_session_duration": 3600,
            "name": "node-group-2-eks-node-group-20230124145150843300000003",
            "name_prefix": "node-group-2-eks-node-group-",
            "path": "/",
            "permissions_boundary": null,
            "tags": {},
            "tags_all": {},
            "unique_id": "AROARB5R2NOSVPAQBC3PX"
          },
          "sensitive_attributes": [],
          "private": "bnVsbA==",
          "dependencies": [
            "module.eks.module.eks_managed_node_group.data.aws_iam_policy_document.assume_role_policy",
            "module.eks.module.eks_managed_node_group.data.aws_partition.current"
          ],
          "create_before_destroy": true
        }
      ]
    },
    {
      "module": "module.eks.module.eks_managed_node_group[\"two\"]",
      "mode": "managed",
      "type": "aws_iam_role_policy_attachment",
      "name": "this",
      "provider": "provider[\"registry.terraform.io/hashicorp/aws\"]",
      "instances": [
        {
          "index_key": "arn:aws:iam::aws:policy/AmazonEC2ContainerRegistryReadOnly",
          "schema_version": 0,
          "attributes": {
            "id": "node-group-2-eks-node-group-20230124145150843300000003-20230124145152566800000004",
            "policy_arn": "arn:aws:iam::aws:policy/AmazonEC2ContainerRegistryReadOnly",
            "role": "node-group-2-eks-node-group-20230124145150843300000003"
          },
          "sensitive_attributes": [],
          "private": "bnVsbA==",
          "dependencies": [
            "module.eks.module.eks_managed_node_group.aws_iam_role.this",
            "module.eks.module.eks_managed_node_group.data.aws_caller_identity.current",
            "module.eks.module.eks_managed_node_group.data.aws_iam_policy_document.assume_role_policy",
            "module.eks.module.eks_managed_node_group.data.aws_partition.current"
          ],
          "create_before_destroy": true
        },
        {
          "index_key": "arn:aws:iam::aws:policy/AmazonEKSWorkerNodePolicy",
          "schema_version": 0,
          "attributes": {
            "id": "node-group-2-eks-node-group-20230124145150843300000003-20230124145152755400000007",
            "policy_arn": "arn:aws:iam::aws:policy/AmazonEKSWorkerNodePolicy",
            "role": "node-group-2-eks-node-group-20230124145150843300000003"
          },
          "sensitive_attributes": [],
          "private": "bnVsbA==",
          "dependencies": [
            "module.eks.module.eks_managed_node_group.aws_iam_role.this",
            "module.eks.module.eks_managed_node_group.data.aws_caller_identity.current",
            "module.eks.module.eks_managed_node_group.data.aws_iam_policy_document.assume_role_policy",
            "module.eks.module.eks_managed_node_group.data.aws_partition.current"
          ],
          "create_before_destroy": true
        },
        {
          "index_key": "arn:aws:iam::aws:policy/AmazonEKS_CNI_Policy",
          "schema_version": 0,
          "attributes": {
            "id": "node-group-2-eks-node-group-20230124145150843300000003-20230124145152759500000008",
            "policy_arn": "arn:aws:iam::aws:policy/AmazonEKS_CNI_Policy",
            "role": "node-group-2-eks-node-group-20230124145150843300000003"
          },
          "sensitive_attributes": [],
          "private": "bnVsbA==",
          "dependencies": [
            "module.eks.module.eks_managed_node_group.aws_iam_role.this",
            "module.eks.module.eks_managed_node_group.data.aws_caller_identity.current",
            "module.eks.module.eks_managed_node_group.data.aws_iam_policy_document.assume_role_policy",
            "module.eks.module.eks_managed_node_group.data.aws_partition.current"
          ],
          "create_before_destroy": true
        }
      ]
    },
    {
      "module": "module.eks.module.eks_managed_node_group[\"two\"]",
      "mode": "managed",
      "type": "aws_launch_template",
      "name": "this",
      "provider": "provider[\"registry.terraform.io/hashicorp/aws\"]",
      "instances": [
        {
          "index_key": 0,
          "schema_version": 0,
          "attributes": {
            "arn": "arn:aws:ec2:eu-central-1:072850500517:launch-template/lt-0ff5f0e97f5c03bc5",
            "block_device_mappings": [],
            "capacity_reservation_specification": [],
            "cpu_options": [],
            "credit_specification": [],
            "default_version": 1,
            "description": "Custom launch template for node-group-2 EKS managed node group",
            "disable_api_stop": false,
            "disable_api_termination": false,
            "ebs_optimized": "",
            "elastic_gpu_specifications": [],
            "elastic_inference_accelerator": [],
            "enclave_options": [],
            "hibernation_options": [],
            "iam_instance_profile": [],
            "id": "lt-0ff5f0e97f5c03bc5",
            "image_id": "",
            "instance_initiated_shutdown_behavior": "",
            "instance_market_options": [],
            "instance_requirements": [],
            "instance_type": "",
            "kernel_id": "",
            "key_name": "",
            "latest_version": 1,
            "license_specification": [],
            "maintenance_options": [],
            "metadata_options": [
              {
                "http_endpoint": "enabled",
                "http_protocol_ipv6": "disabled",
                "http_put_response_hop_limit": 2,
                "http_tokens": "required",
                "instance_metadata_tags": "disabled"
              }
            ],
            "monitoring": [
              {
                "enabled": true
              }
            ],
            "name": "two-20230124150427407500000011",
            "name_prefix": "two-",
            "network_interfaces": [],
            "placement": [],
            "private_dns_name_options": [],
            "ram_disk_id": "",
            "security_group_names": [],
            "tag_specifications": [
              {
                "resource_type": "instance",
                "tags": {
                  "Name": "node-group-2"
                }
              },
              {
                "resource_type": "network-interface",
                "tags": {
                  "Name": "node-group-2"
                }
              },
              {
                "resource_type": "volume",
                "tags": {
                  "Name": "node-group-2"
                }
              }
            ],
            "tags": {},
            "tags_all": {},
            "update_default_version": true,
            "user_data": "",
            "vpc_security_group_ids": [
              "sg-0baf887a5fc4152b7"
            ]
          },
          "sensitive_attributes": [],
          "private": "bnVsbA==",
          "dependencies": [
            "data.aws_availability_zones.available",
            "module.eks.aws_cloudwatch_log_group.this",
            "module.eks.aws_eks_cluster.this",
            "module.eks.aws_iam_role.this",
            "module.eks.aws_iam_role_policy_attachment.this",
            "module.eks.aws_security_group.cluster",
            "module.eks.aws_security_group.node",
            "module.eks.aws_security_group_rule.cluster",
            "module.eks.aws_security_group_rule.node",
            "module.eks.data.aws_caller_identity.current",
            "module.eks.data.aws_iam_policy_document.assume_role_policy",
            "module.eks.data.aws_partition.current",
            "module.eks.module.eks_managed_node_group.aws_iam_role.this",
            "module.eks.module.eks_managed_node_group.aws_iam_role_policy_attachment.this",
            "module.eks.module.eks_managed_node_group.data.aws_caller_identity.current",
            "module.eks.module.eks_managed_node_group.data.aws_iam_policy_document.assume_role_policy",
            "module.eks.module.eks_managed_node_group.data.aws_partition.current",
            "module.eks.module.eks_managed_node_group.module.user_data.data.cloudinit_config.linux_eks_managed_node_group",
            "module.eks.module.kms.aws_kms_external_key.this",
            "module.eks.module.kms.aws_kms_key.this",
            "module.eks.module.kms.data.aws_caller_identity.current",
            "module.eks.module.kms.data.aws_iam_policy_document.this",
            "module.eks.module.kms.data.aws_partition.current",
            "module.vpc.aws_subnet.private",
            "module.vpc.aws_vpc.this",
            "module.vpc.aws_vpc_ipv4_cidr_block_association.this",
            "random_string.suffix"
          ],
          "create_before_destroy": true
        }
      ]
    },
    {
      "module": "module.eks.module.kms",
      "mode": "data",
      "type": "aws_caller_identity",
      "name": "current",
      "provider": "provider[\"registry.terraform.io/hashicorp/aws\"]",
      "instances": [
        {
          "schema_version": 0,
          "attributes": {
            "account_id": "072850500517",
            "arn": "arn:aws:iam::072850500517:user/admin",
            "id": "072850500517",
            "user_id": "AIDARB5R2NOS5NYD5CM2W"
          },
          "sensitive_attributes": []
        }
      ]
    },
    {
      "module": "module.eks.module.kms",
      "mode": "data",
      "type": "aws_iam_policy_document",
      "name": "this",
      "provider": "provider[\"registry.terraform.io/hashicorp/aws\"]",
      "instances": [
        {
          "index_key": 0,
          "schema_version": 0,
          "attributes": {
            "id": "1676292052",
            "json": "{\n  \"Version\": \"2012-10-17\",\n  \"Statement\": [\n    {\n      \"Sid\": \"KeyAdministration\",\n      \"Effect\": \"Allow\",\n      \"Action\": [\n        \"kms:Update*\",\n        \"kms:UntagResource\",\n        \"kms:TagResource\",\n        \"kms:ScheduleKeyDeletion\",\n        \"kms:Revoke*\",\n        \"kms:Put*\",\n        \"kms:List*\",\n        \"kms:Get*\",\n        \"kms:Enable*\",\n        \"kms:Disable*\",\n        \"kms:Describe*\",\n        \"kms:Delete*\",\n        \"kms:Create*\",\n        \"kms:CancelKeyDeletion\"\n      ],\n      \"Resource\": \"*\",\n      \"Principal\": {\n        \"AWS\": \"arn:aws:iam::072850500517:user/admin\"\n      }\n    },\n    {\n      \"Sid\": \"KeyUsage\",\n      \"Effect\": \"Allow\",\n      \"Action\": [\n        \"kms:ReEncrypt*\",\n        \"kms:GenerateDataKey*\",\n        \"kms:Encrypt\",\n        \"kms:DescribeKey\",\n        \"kms:Decrypt\"\n      ],\n      \"Resource\": \"*\",\n      \"Principal\": {\n        \"AWS\": \"arn:aws:iam::072850500517:role/devops-upskill-eks-fdwO8Wic-cluster-20230124145150692300000001\"\n      }\n    }\n  ]\n}",
            "override_json": null,
            "override_policy_documents": null,
            "policy_id": null,
            "source_json": null,
            "source_policy_documents": null,
            "statement": [
              {
                "actions": [
                  "kms:CancelKeyDeletion",
                  "kms:Create*",
                  "kms:Delete*",
                  "kms:Describe*",
                  "kms:Disable*",
                  "kms:Enable*",
                  "kms:Get*",
                  "kms:List*",
                  "kms:Put*",
                  "kms:Revoke*",
                  "kms:ScheduleKeyDeletion",
                  "kms:TagResource",
                  "kms:UntagResource",
                  "kms:Update*"
                ],
                "condition": [],
                "effect": "Allow",
                "not_actions": [],
                "not_principals": [],
                "not_resources": [],
                "principals": [
                  {
                    "identifiers": [
                      "arn:aws:iam::072850500517:user/admin"
                    ],
                    "type": "AWS"
                  }
                ],
                "resources": [
                  "*"
                ],
                "sid": "KeyAdministration"
              },
              {
                "actions": [
                  "kms:Decrypt",
                  "kms:DescribeKey",
                  "kms:Encrypt",
                  "kms:GenerateDataKey*",
                  "kms:ReEncrypt*"
                ],
                "condition": [],
                "effect": "Allow",
                "not_actions": [],
                "not_principals": [],
                "not_resources": [],
                "principals": [
                  {
                    "identifiers": [
                      "arn:aws:iam::072850500517:role/devops-upskill-eks-fdwO8Wic-cluster-20230124145150692300000001"
                    ],
                    "type": "AWS"
                  }
                ],
                "resources": [
                  "*"
                ],
                "sid": "KeyUsage"
              }
            ],
            "version": "2012-10-17"
          },
          "sensitive_attributes": []
        }
      ]
    },
    {
      "module": "module.eks.module.kms",
      "mode": "data",
      "type": "aws_partition",
      "name": "current",
      "provider": "provider[\"registry.terraform.io/hashicorp/aws\"]",
      "instances": [
        {
          "schema_version": 0,
          "attributes": {
            "dns_suffix": "amazonaws.com",
            "id": "aws",
            "partition": "aws",
            "reverse_dns_prefix": "com.amazonaws"
          },
          "sensitive_attributes": []
        }
      ]
    },
    {
      "module": "module.eks.module.kms",
      "mode": "managed",
      "type": "aws_kms_alias",
      "name": "this",
      "provider": "provider[\"registry.terraform.io/hashicorp/aws\"]",
      "instances": [
        {
          "index_key": "cluster",
          "schema_version": 0,
          "attributes": {
            "arn": "arn:aws:kms:eu-central-1:072850500517:alias/eks/devops-upskill-eks-fdwO8Wic",
            "id": "alias/eks/devops-upskill-eks-fdwO8Wic",
            "name": "alias/eks/devops-upskill-eks-fdwO8Wic",
            "name_prefix": "",
            "target_key_arn": "arn:aws:kms:eu-central-1:072850500517:key/21c64bf2-938b-47da-acd8-b5ce07015804",
            "target_key_id": "21c64bf2-938b-47da-acd8-b5ce07015804"
          },
          "sensitive_attributes": [],
          "private": "bnVsbA==",
          "dependencies": [
            "module.eks.aws_iam_role.this",
            "module.eks.data.aws_caller_identity.current",
            "module.eks.data.aws_iam_policy_document.assume_role_policy",
            "module.eks.data.aws_partition.current",
            "module.eks.module.kms.aws_kms_external_key.this",
            "module.eks.module.kms.aws_kms_key.this",
            "module.eks.module.kms.data.aws_caller_identity.current",
            "module.eks.module.kms.data.aws_iam_policy_document.this",
            "module.eks.module.kms.data.aws_partition.current",
            "random_string.suffix"
          ]
        }
      ]
    },
    {
      "module": "module.eks.module.kms",
      "mode": "managed",
      "type": "aws_kms_key",
      "name": "this",
      "provider": "provider[\"registry.terraform.io/hashicorp/aws\"]",
      "instances": [
        {
          "index_key": 0,
          "schema_version": 0,
          "attributes": {
            "arn": "arn:aws:kms:eu-central-1:072850500517:key/21c64bf2-938b-47da-acd8-b5ce07015804",
            "bypass_policy_lockout_safety_check": false,
            "custom_key_store_id": "",
            "customer_master_key_spec": "SYMMETRIC_DEFAULT",
            "deletion_window_in_days": null,
            "description": "devops-upskill-eks-fdwO8Wic cluster encryption key",
            "enable_key_rotation": true,
            "id": "21c64bf2-938b-47da-acd8-b5ce07015804",
            "is_enabled": true,
            "key_id": "21c64bf2-938b-47da-acd8-b5ce07015804",
            "key_usage": "ENCRYPT_DECRYPT",
            "multi_region": false,
            "policy": "{\n  \"Version\": \"2012-10-17\",\n  \"Statement\": [\n    {\n      \"Sid\": \"KeyAdministration\",\n      \"Effect\": \"Allow\",\n      \"Action\": [\n        \"kms:Update*\",\n        \"kms:UntagResource\",\n        \"kms:TagResource\",\n        \"kms:ScheduleKeyDeletion\",\n        \"kms:Revoke*\",\n        \"kms:Put*\",\n        \"kms:List*\",\n        \"kms:Get*\",\n        \"kms:Enable*\",\n        \"kms:Disable*\",\n        \"kms:Describe*\",\n        \"kms:Delete*\",\n        \"kms:Create*\",\n        \"kms:CancelKeyDeletion\"\n      ],\n      \"Resource\": \"*\",\n      \"Principal\": {\n        \"AWS\": \"arn:aws:iam::072850500517:user/admin\"\n      }\n    },\n    {\n      \"Sid\": \"KeyUsage\",\n      \"Effect\": \"Allow\",\n      \"Action\": [\n        \"kms:ReEncrypt*\",\n        \"kms:GenerateDataKey*\",\n        \"kms:Encrypt\",\n        \"kms:DescribeKey\",\n        \"kms:Decrypt\"\n      ],\n      \"Resource\": \"*\",\n      \"Principal\": {\n        \"AWS\": \"arn:aws:iam::072850500517:role/devops-upskill-eks-fdwO8Wic-cluster-20230124145150692300000001\"\n      }\n    }\n  ]\n}",
            "tags": {},
            "tags_all": {}
          },
          "sensitive_attributes": [],
          "private": "bnVsbA==",
          "dependencies": [
            "module.eks.aws_iam_role.this",
            "module.eks.data.aws_caller_identity.current",
            "module.eks.data.aws_iam_policy_document.assume_role_policy",
            "module.eks.data.aws_partition.current",
            "module.eks.module.kms.data.aws_caller_identity.current",
            "module.eks.module.kms.data.aws_iam_policy_document.this",
            "module.eks.module.kms.data.aws_partition.current",
            "random_string.suffix"
          ],
          "create_before_destroy": true
        }
      ]
    },
    {
      "module": "module.vpc",
      "mode": "managed",
      "type": "aws_eip",
      "name": "nat",
      "provider": "provider[\"registry.terraform.io/hashicorp/aws\"]",
      "instances": [
        {
          "index_key": 0,
          "schema_version": 0,
          "attributes": {
            "address": null,
            "allocation_id": "eipalloc-070f3e2516cbd019b",
            "associate_with_private_ip": null,
            "association_id": "eipassoc-0d44715c1c50317ff",
            "carrier_ip": "",
            "customer_owned_ip": "",
            "customer_owned_ipv4_pool": "",
            "domain": "vpc",
            "id": "eipalloc-070f3e2516cbd019b",
            "instance": "",
            "network_border_group": "eu-central-1",
            "network_interface": "eni-08133562681de7b61",
            "private_dns": "ip-10-0-4-160.eu-central-1.compute.internal",
            "private_ip": "10.0.4.160",
            "public_dns": "ec2-3-67-121-59.eu-central-1.compute.amazonaws.com",
            "public_ip": "3.67.121.59",
            "public_ipv4_pool": "amazon",
            "tags": {
              "Name": "education-vpc-eu-central-1a"
            },
            "tags_all": {
              "Name": "education-vpc-eu-central-1a"
            },
            "timeouts": null,
            "vpc": true
          },
          "sensitive_attributes": [],
          "private": "eyJlMmJmYjczMC1lY2FhLTExZTYtOGY4OC0zNDM2M2JjN2M0YzAiOnsiZGVsZXRlIjoxODAwMDAwMDAwMDAsInJlYWQiOjkwMDAwMDAwMDAwMCwidXBkYXRlIjozMDAwMDAwMDAwMDB9fQ==",
          "dependencies": [
            "data.aws_availability_zones.available"
          ]
        }
      ]
    },
    {
      "module": "module.vpc",
      "mode": "managed",
      "type": "aws_internet_gateway",
      "name": "this",
      "provider": "provider[\"registry.terraform.io/hashicorp/aws\"]",
      "instances": [
        {
          "index_key": 0,
          "schema_version": 0,
          "attributes": {
            "arn": "arn:aws:ec2:eu-central-1:072850500517:internet-gateway/igw-06735d53af70e5b33",
            "id": "igw-06735d53af70e5b33",
            "owner_id": "072850500517",
            "tags": {
              "Name": "education-vpc"
            },
            "tags_all": {
              "Name": "education-vpc"
            },
            "timeouts": null,
            "vpc_id": "vpc-0a9c9e6f6417080a0"
          },
          "sensitive_attributes": [],
          "private": "eyJlMmJmYjczMC1lY2FhLTExZTYtOGY4OC0zNDM2M2JjN2M0YzAiOnsiY3JlYXRlIjoxMjAwMDAwMDAwMDAwLCJkZWxldGUiOjEyMDAwMDAwMDAwMDAsInVwZGF0ZSI6MTIwMDAwMDAwMDAwMH19",
          "dependencies": [
            "module.vpc.aws_vpc.this",
            "module.vpc.aws_vpc_ipv4_cidr_block_association.this"
          ]
        }
      ]
    },
    {
      "module": "module.vpc",
      "mode": "managed",
      "type": "aws_nat_gateway",
      "name": "this",
      "provider": "provider[\"registry.terraform.io/hashicorp/aws\"]",
      "instances": [
        {
          "index_key": 0,
          "schema_version": 0,
          "attributes": {
            "allocation_id": "eipalloc-070f3e2516cbd019b",
            "connectivity_type": "public",
            "id": "nat-0b0e87705562c0cc2",
            "network_interface_id": "eni-08133562681de7b61",
            "private_ip": "10.0.4.160",
            "public_ip": "3.67.121.59",
            "subnet_id": "subnet-09e5426339601721c",
            "tags": {
              "Name": "education-vpc-eu-central-1a"
            },
            "tags_all": {
              "Name": "education-vpc-eu-central-1a"
            }
          },
          "sensitive_attributes": [],
          "private": "bnVsbA==",
          "dependencies": [
            "data.aws_availability_zones.available",
            "module.vpc.aws_eip.nat",
            "module.vpc.aws_internet_gateway.this",
            "module.vpc.aws_subnet.public",
            "module.vpc.aws_vpc.this",
            "module.vpc.aws_vpc_ipv4_cidr_block_association.this",
            "random_string.suffix"
          ]
        }
      ]
    },
    {
      "module": "module.vpc",
      "mode": "managed",
      "type": "aws_route",
      "name": "private_nat_gateway",
      "provider": "provider[\"registry.terraform.io/hashicorp/aws\"]",
      "instances": [
        {
          "index_key": 0,
          "schema_version": 0,
          "attributes": {
            "carrier_gateway_id": "",
            "core_network_arn": "",
            "destination_cidr_block": "0.0.0.0/0",
            "destination_ipv6_cidr_block": "",
            "destination_prefix_list_id": "",
            "egress_only_gateway_id": "",
            "gateway_id": "",
            "id": "r-rtb-0ed802b2481eb5e5c1080289494",
            "instance_id": "",
            "instance_owner_id": "",
            "local_gateway_id": "",
            "nat_gateway_id": "nat-0b0e87705562c0cc2",
            "network_interface_id": "",
            "origin": "CreateRoute",
            "route_table_id": "rtb-0ed802b2481eb5e5c",
            "state": "active",
            "timeouts": {
              "create": "5m",
              "delete": null,
              "update": null
            },
            "transit_gateway_id": "",
            "vpc_endpoint_id": "",
            "vpc_peering_connection_id": ""
          },
          "sensitive_attributes": [],
          "private": "eyJlMmJmYjczMC1lY2FhLTExZTYtOGY4OC0zNDM2M2JjN2M0YzAiOnsiY3JlYXRlIjozMDAwMDAwMDAwMDAsImRlbGV0ZSI6MzAwMDAwMDAwMDAwLCJ1cGRhdGUiOjEyMDAwMDAwMDAwMH19",
          "dependencies": [
            "data.aws_availability_zones.available",
            "module.vpc.aws_eip.nat",
            "module.vpc.aws_internet_gateway.this",
            "module.vpc.aws_nat_gateway.this",
            "module.vpc.aws_route_table.private",
            "module.vpc.aws_subnet.public",
            "module.vpc.aws_vpc.this",
            "module.vpc.aws_vpc_ipv4_cidr_block_association.this",
            "random_string.suffix"
          ]
        }
      ]
    },
    {
      "module": "module.vpc",
      "mode": "managed",
      "type": "aws_route",
      "name": "public_internet_gateway",
      "provider": "provider[\"registry.terraform.io/hashicorp/aws\"]",
      "instances": [
        {
          "index_key": 0,
          "schema_version": 0,
          "attributes": {
            "carrier_gateway_id": "",
            "core_network_arn": "",
            "destination_cidr_block": "0.0.0.0/0",
            "destination_ipv6_cidr_block": "",
            "destination_prefix_list_id": "",
            "egress_only_gateway_id": "",
            "gateway_id": "igw-06735d53af70e5b33",
            "id": "r-rtb-0126607059356a7861080289494",
            "instance_id": "",
            "instance_owner_id": "",
            "local_gateway_id": "",
            "nat_gateway_id": "",
            "network_interface_id": "",
            "origin": "CreateRoute",
            "route_table_id": "rtb-0126607059356a786",
            "state": "active",
            "timeouts": {
              "create": "5m",
              "delete": null,
              "update": null
            },
            "transit_gateway_id": "",
            "vpc_endpoint_id": "",
            "vpc_peering_connection_id": ""
          },
          "sensitive_attributes": [],
          "private": "eyJlMmJmYjczMC1lY2FhLTExZTYtOGY4OC0zNDM2M2JjN2M0YzAiOnsiY3JlYXRlIjozMDAwMDAwMDAwMDAsImRlbGV0ZSI6MzAwMDAwMDAwMDAwLCJ1cGRhdGUiOjEyMDAwMDAwMDAwMH19",
          "dependencies": [
            "module.vpc.aws_internet_gateway.this",
            "module.vpc.aws_route_table.public",
            "module.vpc.aws_vpc.this",
            "module.vpc.aws_vpc_ipv4_cidr_block_association.this"
          ]
        }
      ]
    },
    {
      "module": "module.vpc",
      "mode": "managed",
      "type": "aws_route_table",
      "name": "private",
      "provider": "provider[\"registry.terraform.io/hashicorp/aws\"]",
      "instances": [
        {
          "index_key": 0,
          "schema_version": 0,
          "attributes": {
            "arn": "arn:aws:ec2:eu-central-1:072850500517:route-table/rtb-0ed802b2481eb5e5c",
            "id": "rtb-0ed802b2481eb5e5c",
            "owner_id": "072850500517",
            "propagating_vgws": [],
            "route": [
              {
                "carrier_gateway_id": "",
                "cidr_block": "0.0.0.0/0",
                "core_network_arn": "",
                "destination_prefix_list_id": "",
                "egress_only_gateway_id": "",
                "gateway_id": "",
                "instance_id": "",
                "ipv6_cidr_block": "",
                "local_gateway_id": "",
                "nat_gateway_id": "nat-0b0e87705562c0cc2",
                "network_interface_id": "",
                "transit_gateway_id": "",
                "vpc_endpoint_id": "",
                "vpc_peering_connection_id": ""
              }
            ],
            "tags": {
              "Name": "education-vpc-private"
            },
            "tags_all": {
              "Name": "education-vpc-private"
            },
            "timeouts": null,
            "vpc_id": "vpc-0a9c9e6f6417080a0"
          },
          "sensitive_attributes": [],
          "private": "eyJlMmJmYjczMC1lY2FhLTExZTYtOGY4OC0zNDM2M2JjN2M0YzAiOnsiY3JlYXRlIjozMDAwMDAwMDAwMDAsImRlbGV0ZSI6MzAwMDAwMDAwMDAwLCJ1cGRhdGUiOjEyMDAwMDAwMDAwMH19",
          "dependencies": [
            "data.aws_availability_zones.available",
            "module.vpc.aws_vpc.this",
            "module.vpc.aws_vpc_ipv4_cidr_block_association.this"
          ]
        }
      ]
    },
    {
      "module": "module.vpc",
      "mode": "managed",
      "type": "aws_route_table",
      "name": "public",
      "provider": "provider[\"registry.terraform.io/hashicorp/aws\"]",
      "instances": [
        {
          "index_key": 0,
          "schema_version": 0,
          "attributes": {
            "arn": "arn:aws:ec2:eu-central-1:072850500517:route-table/rtb-0126607059356a786",
            "id": "rtb-0126607059356a786",
            "owner_id": "072850500517",
            "propagating_vgws": [],
            "route": [
              {
                "carrier_gateway_id": "",
                "cidr_block": "0.0.0.0/0",
                "core_network_arn": "",
                "destination_prefix_list_id": "",
                "egress_only_gateway_id": "",
                "gateway_id": "igw-06735d53af70e5b33",
                "instance_id": "",
                "ipv6_cidr_block": "",
                "local_gateway_id": "",
                "nat_gateway_id": "",
                "network_interface_id": "",
                "transit_gateway_id": "",
                "vpc_endpoint_id": "",
                "vpc_peering_connection_id": ""
              }
            ],
            "tags": {
              "Name": "education-vpc-public"
            },
            "tags_all": {
              "Name": "education-vpc-public"
            },
            "timeouts": null,
            "vpc_id": "vpc-0a9c9e6f6417080a0"
          },
          "sensitive_attributes": [],
          "private": "eyJlMmJmYjczMC1lY2FhLTExZTYtOGY4OC0zNDM2M2JjN2M0YzAiOnsiY3JlYXRlIjozMDAwMDAwMDAwMDAsImRlbGV0ZSI6MzAwMDAwMDAwMDAwLCJ1cGRhdGUiOjEyMDAwMDAwMDAwMH19",
          "dependencies": [
            "module.vpc.aws_vpc.this",
            "module.vpc.aws_vpc_ipv4_cidr_block_association.this"
          ]
        }
      ]
    },
    {
      "module": "module.vpc",
      "mode": "managed",
      "type": "aws_route_table_association",
      "name": "private",
      "provider": "provider[\"registry.terraform.io/hashicorp/aws\"]",
      "instances": [
        {
          "index_key": 0,
          "schema_version": 0,
          "attributes": {
            "gateway_id": "",
            "id": "rtbassoc-01c41bfda4b60a2c1",
            "route_table_id": "rtb-0ed802b2481eb5e5c",
            "subnet_id": "subnet-062914bd808316edc"
          },
          "sensitive_attributes": [],
          "private": "bnVsbA==",
          "dependencies": [
            "data.aws_availability_zones.available",
            "module.vpc.aws_route_table.private",
            "module.vpc.aws_subnet.private",
            "module.vpc.aws_vpc.this",
            "module.vpc.aws_vpc_ipv4_cidr_block_association.this",
            "random_string.suffix"
          ]
        },
        {
          "index_key": 1,
          "schema_version": 0,
          "attributes": {
            "gateway_id": "",
            "id": "rtbassoc-0a29243bbe97869a2",
            "route_table_id": "rtb-0ed802b2481eb5e5c",
            "subnet_id": "subnet-023d112e1c5a7cfe8"
          },
          "sensitive_attributes": [],
          "private": "bnVsbA==",
          "dependencies": [
            "data.aws_availability_zones.available",
            "module.vpc.aws_route_table.private",
            "module.vpc.aws_subnet.private",
            "module.vpc.aws_vpc.this",
            "module.vpc.aws_vpc_ipv4_cidr_block_association.this",
            "random_string.suffix"
          ]
        },
        {
          "index_key": 2,
          "schema_version": 0,
          "attributes": {
            "gateway_id": "",
            "id": "rtbassoc-0230dba4aafb2e92f",
            "route_table_id": "rtb-0ed802b2481eb5e5c",
            "subnet_id": "subnet-0806e349d75137980"
          },
          "sensitive_attributes": [],
          "private": "bnVsbA==",
          "dependencies": [
            "data.aws_availability_zones.available",
            "module.vpc.aws_route_table.private",
            "module.vpc.aws_subnet.private",
            "module.vpc.aws_vpc.this",
            "module.vpc.aws_vpc_ipv4_cidr_block_association.this",
            "random_string.suffix"
          ]
        }
      ]
    },
    {
      "module": "module.vpc",
      "mode": "managed",
      "type": "aws_route_table_association",
      "name": "public",
      "provider": "provider[\"registry.terraform.io/hashicorp/aws\"]",
      "instances": [
        {
          "index_key": 0,
          "schema_version": 0,
          "attributes": {
            "gateway_id": "",
            "id": "rtbassoc-0c2f0027a717c8b38",
            "route_table_id": "rtb-0126607059356a786",
            "subnet_id": "subnet-09e5426339601721c"
          },
          "sensitive_attributes": [],
          "private": "bnVsbA==",
          "dependencies": [
            "data.aws_availability_zones.available",
            "module.vpc.aws_route_table.public",
            "module.vpc.aws_subnet.public",
            "module.vpc.aws_vpc.this",
            "module.vpc.aws_vpc_ipv4_cidr_block_association.this",
            "random_string.suffix"
          ]
        },
        {
          "index_key": 1,
          "schema_version": 0,
          "attributes": {
            "gateway_id": "",
            "id": "rtbassoc-0a5cccfe48b870cac",
            "route_table_id": "rtb-0126607059356a786",
            "subnet_id": "subnet-07ce822b708be3899"
          },
          "sensitive_attributes": [],
          "private": "bnVsbA==",
          "dependencies": [
            "data.aws_availability_zones.available",
            "module.vpc.aws_route_table.public",
            "module.vpc.aws_subnet.public",
            "module.vpc.aws_vpc.this",
            "module.vpc.aws_vpc_ipv4_cidr_block_association.this",
            "random_string.suffix"
          ]
        },
        {
          "index_key": 2,
          "schema_version": 0,
          "attributes": {
            "gateway_id": "",
            "id": "rtbassoc-0989c86aa48c18ce0",
            "route_table_id": "rtb-0126607059356a786",
            "subnet_id": "subnet-0f9cdf9cf188b0fd5"
          },
          "sensitive_attributes": [],
          "private": "bnVsbA==",
          "dependencies": [
            "data.aws_availability_zones.available",
            "module.vpc.aws_route_table.public",
            "module.vpc.aws_subnet.public",
            "module.vpc.aws_vpc.this",
            "module.vpc.aws_vpc_ipv4_cidr_block_association.this",
            "random_string.suffix"
          ]
        }
      ]
    },
    {
      "module": "module.vpc",
      "mode": "managed",
      "type": "aws_subnet",
      "name": "private",
      "provider": "provider[\"registry.terraform.io/hashicorp/aws\"]",
      "instances": [
        {
          "index_key": 0,
          "schema_version": 1,
          "attributes": {
            "arn": "arn:aws:ec2:eu-central-1:072850500517:subnet/subnet-062914bd808316edc",
            "assign_ipv6_address_on_creation": false,
            "availability_zone": "eu-central-1a",
            "availability_zone_id": "euc1-az2",
            "cidr_block": "10.0.1.0/24",
            "customer_owned_ipv4_pool": "",
            "enable_dns64": false,
            "enable_resource_name_dns_a_record_on_launch": false,
            "enable_resource_name_dns_aaaa_record_on_launch": false,
            "id": "subnet-062914bd808316edc",
            "ipv6_cidr_block": "",
            "ipv6_cidr_block_association_id": "",
            "ipv6_native": false,
            "map_customer_owned_ip_on_launch": false,
            "map_public_ip_on_launch": false,
            "outpost_arn": "",
            "owner_id": "072850500517",
            "private_dns_hostname_type_on_launch": "ip-name",
            "tags": {
              "Name": "education-vpc-private-eu-central-1a",
              "kubernetes.io/cluster/devops-upskill-eks-fdwO8Wic": "shared",
              "kubernetes.io/role/internal-elb": "1"
            },
            "tags_all": {
              "Name": "education-vpc-private-eu-central-1a",
              "kubernetes.io/cluster/devops-upskill-eks-fdwO8Wic": "shared",
              "kubernetes.io/role/internal-elb": "1"
            },
            "timeouts": null,
            "vpc_id": "vpc-0a9c9e6f6417080a0"
          },
          "sensitive_attributes": [],
          "private": "eyJlMmJmYjczMC1lY2FhLTExZTYtOGY4OC0zNDM2M2JjN2M0YzAiOnsiY3JlYXRlIjo2MDAwMDAwMDAwMDAsImRlbGV0ZSI6MTIwMDAwMDAwMDAwMH0sInNjaGVtYV92ZXJzaW9uIjoiMSJ9",
          "dependencies": [
            "data.aws_availability_zones.available",
            "module.vpc.aws_vpc.this",
            "module.vpc.aws_vpc_ipv4_cidr_block_association.this",
            "random_string.suffix"
          ],
          "create_before_destroy": true
        },
        {
          "index_key": 1,
          "schema_version": 1,
          "attributes": {
            "arn": "arn:aws:ec2:eu-central-1:072850500517:subnet/subnet-023d112e1c5a7cfe8",
            "assign_ipv6_address_on_creation": false,
            "availability_zone": "eu-central-1b",
            "availability_zone_id": "euc1-az3",
            "cidr_block": "10.0.2.0/24",
            "customer_owned_ipv4_pool": "",
            "enable_dns64": false,
            "enable_resource_name_dns_a_record_on_launch": false,
            "enable_resource_name_dns_aaaa_record_on_launch": false,
            "id": "subnet-023d112e1c5a7cfe8",
            "ipv6_cidr_block": "",
            "ipv6_cidr_block_association_id": "",
            "ipv6_native": false,
            "map_customer_owned_ip_on_launch": false,
            "map_public_ip_on_launch": false,
            "outpost_arn": "",
            "owner_id": "072850500517",
            "private_dns_hostname_type_on_launch": "ip-name",
            "tags": {
              "Name": "education-vpc-private-eu-central-1b",
              "kubernetes.io/cluster/devops-upskill-eks-fdwO8Wic": "shared",
              "kubernetes.io/role/internal-elb": "1"
            },
            "tags_all": {
              "Name": "education-vpc-private-eu-central-1b",
              "kubernetes.io/cluster/devops-upskill-eks-fdwO8Wic": "shared",
              "kubernetes.io/role/internal-elb": "1"
            },
            "timeouts": null,
            "vpc_id": "vpc-0a9c9e6f6417080a0"
          },
          "sensitive_attributes": [],
          "private": "eyJlMmJmYjczMC1lY2FhLTExZTYtOGY4OC0zNDM2M2JjN2M0YzAiOnsiY3JlYXRlIjo2MDAwMDAwMDAwMDAsImRlbGV0ZSI6MTIwMDAwMDAwMDAwMH0sInNjaGVtYV92ZXJzaW9uIjoiMSJ9",
          "dependencies": [
            "data.aws_availability_zones.available",
            "module.vpc.aws_vpc.this",
            "module.vpc.aws_vpc_ipv4_cidr_block_association.this",
            "random_string.suffix"
          ],
          "create_before_destroy": true
        },
        {
          "index_key": 2,
          "schema_version": 1,
          "attributes": {
            "arn": "arn:aws:ec2:eu-central-1:072850500517:subnet/subnet-0806e349d75137980",
            "assign_ipv6_address_on_creation": false,
            "availability_zone": "eu-central-1c",
            "availability_zone_id": "euc1-az1",
            "cidr_block": "10.0.3.0/24",
            "customer_owned_ipv4_pool": "",
            "enable_dns64": false,
            "enable_resource_name_dns_a_record_on_launch": false,
            "enable_resource_name_dns_aaaa_record_on_launch": false,
            "id": "subnet-0806e349d75137980",
            "ipv6_cidr_block": "",
            "ipv6_cidr_block_association_id": "",
            "ipv6_native": false,
            "map_customer_owned_ip_on_launch": false,
            "map_public_ip_on_launch": false,
            "outpost_arn": "",
            "owner_id": "072850500517",
            "private_dns_hostname_type_on_launch": "ip-name",
            "tags": {
              "Name": "education-vpc-private-eu-central-1c",
              "kubernetes.io/cluster/devops-upskill-eks-fdwO8Wic": "shared",
              "kubernetes.io/role/internal-elb": "1"
            },
            "tags_all": {
              "Name": "education-vpc-private-eu-central-1c",
              "kubernetes.io/cluster/devops-upskill-eks-fdwO8Wic": "shared",
              "kubernetes.io/role/internal-elb": "1"
            },
            "timeouts": null,
            "vpc_id": "vpc-0a9c9e6f6417080a0"
          },
          "sensitive_attributes": [],
          "private": "eyJlMmJmYjczMC1lY2FhLTExZTYtOGY4OC0zNDM2M2JjN2M0YzAiOnsiY3JlYXRlIjo2MDAwMDAwMDAwMDAsImRlbGV0ZSI6MTIwMDAwMDAwMDAwMH0sInNjaGVtYV92ZXJzaW9uIjoiMSJ9",
          "dependencies": [
            "data.aws_availability_zones.available",
            "module.vpc.aws_vpc.this",
            "module.vpc.aws_vpc_ipv4_cidr_block_association.this",
            "random_string.suffix"
          ],
          "create_before_destroy": true
        }
      ]
    },
    {
      "module": "module.vpc",
      "mode": "managed",
      "type": "aws_subnet",
      "name": "public",
      "provider": "provider[\"registry.terraform.io/hashicorp/aws\"]",
      "instances": [
        {
          "index_key": 0,
          "schema_version": 1,
          "attributes": {
            "arn": "arn:aws:ec2:eu-central-1:072850500517:subnet/subnet-09e5426339601721c",
            "assign_ipv6_address_on_creation": false,
            "availability_zone": "eu-central-1a",
            "availability_zone_id": "euc1-az2",
            "cidr_block": "10.0.4.0/24",
            "customer_owned_ipv4_pool": "",
            "enable_dns64": false,
            "enable_resource_name_dns_a_record_on_launch": false,
            "enable_resource_name_dns_aaaa_record_on_launch": false,
            "id": "subnet-09e5426339601721c",
            "ipv6_cidr_block": "",
            "ipv6_cidr_block_association_id": "",
            "ipv6_native": false,
            "map_customer_owned_ip_on_launch": false,
            "map_public_ip_on_launch": true,
            "outpost_arn": "",
            "owner_id": "072850500517",
            "private_dns_hostname_type_on_launch": "ip-name",
            "tags": {
              "Name": "education-vpc-public-eu-central-1a",
              "kubernetes.io/cluster/devops-upskill-eks-fdwO8Wic": "shared",
              "kubernetes.io/role/elb": "1"
            },
            "tags_all": {
              "Name": "education-vpc-public-eu-central-1a",
              "kubernetes.io/cluster/devops-upskill-eks-fdwO8Wic": "shared",
              "kubernetes.io/role/elb": "1"
            },
            "timeouts": null,
            "vpc_id": "vpc-0a9c9e6f6417080a0"
          },
          "sensitive_attributes": [],
          "private": "eyJlMmJmYjczMC1lY2FhLTExZTYtOGY4OC0zNDM2M2JjN2M0YzAiOnsiY3JlYXRlIjo2MDAwMDAwMDAwMDAsImRlbGV0ZSI6MTIwMDAwMDAwMDAwMH0sInNjaGVtYV92ZXJzaW9uIjoiMSJ9",
          "dependencies": [
            "data.aws_availability_zones.available",
            "module.vpc.aws_vpc.this",
            "module.vpc.aws_vpc_ipv4_cidr_block_association.this",
            "random_string.suffix"
          ]
        },
        {
          "index_key": 1,
          "schema_version": 1,
          "attributes": {
            "arn": "arn:aws:ec2:eu-central-1:072850500517:subnet/subnet-07ce822b708be3899",
            "assign_ipv6_address_on_creation": false,
            "availability_zone": "eu-central-1b",
            "availability_zone_id": "euc1-az3",
            "cidr_block": "10.0.5.0/24",
            "customer_owned_ipv4_pool": "",
            "enable_dns64": false,
            "enable_resource_name_dns_a_record_on_launch": false,
            "enable_resource_name_dns_aaaa_record_on_launch": false,
            "id": "subnet-07ce822b708be3899",
            "ipv6_cidr_block": "",
            "ipv6_cidr_block_association_id": "",
            "ipv6_native": false,
            "map_customer_owned_ip_on_launch": false,
            "map_public_ip_on_launch": true,
            "outpost_arn": "",
            "owner_id": "072850500517",
            "private_dns_hostname_type_on_launch": "ip-name",
            "tags": {
              "Name": "education-vpc-public-eu-central-1b",
              "kubernetes.io/cluster/devops-upskill-eks-fdwO8Wic": "shared",
              "kubernetes.io/role/elb": "1"
            },
            "tags_all": {
              "Name": "education-vpc-public-eu-central-1b",
              "kubernetes.io/cluster/devops-upskill-eks-fdwO8Wic": "shared",
              "kubernetes.io/role/elb": "1"
            },
            "timeouts": null,
            "vpc_id": "vpc-0a9c9e6f6417080a0"
          },
          "sensitive_attributes": [],
          "private": "eyJlMmJmYjczMC1lY2FhLTExZTYtOGY4OC0zNDM2M2JjN2M0YzAiOnsiY3JlYXRlIjo2MDAwMDAwMDAwMDAsImRlbGV0ZSI6MTIwMDAwMDAwMDAwMH0sInNjaGVtYV92ZXJzaW9uIjoiMSJ9",
          "dependencies": [
            "data.aws_availability_zones.available",
            "module.vpc.aws_vpc.this",
            "module.vpc.aws_vpc_ipv4_cidr_block_association.this",
            "random_string.suffix"
          ]
        },
        {
          "index_key": 2,
          "schema_version": 1,
          "attributes": {
            "arn": "arn:aws:ec2:eu-central-1:072850500517:subnet/subnet-0f9cdf9cf188b0fd5",
            "assign_ipv6_address_on_creation": false,
            "availability_zone": "eu-central-1c",
            "availability_zone_id": "euc1-az1",
            "cidr_block": "10.0.6.0/24",
            "customer_owned_ipv4_pool": "",
            "enable_dns64": false,
            "enable_resource_name_dns_a_record_on_launch": false,
            "enable_resource_name_dns_aaaa_record_on_launch": false,
            "id": "subnet-0f9cdf9cf188b0fd5",
            "ipv6_cidr_block": "",
            "ipv6_cidr_block_association_id": "",
            "ipv6_native": false,
            "map_customer_owned_ip_on_launch": false,
            "map_public_ip_on_launch": true,
            "outpost_arn": "",
            "owner_id": "072850500517",
            "private_dns_hostname_type_on_launch": "ip-name",
            "tags": {
              "Name": "education-vpc-public-eu-central-1c",
              "kubernetes.io/cluster/devops-upskill-eks-fdwO8Wic": "shared",
              "kubernetes.io/role/elb": "1"
            },
            "tags_all": {
              "Name": "education-vpc-public-eu-central-1c",
              "kubernetes.io/cluster/devops-upskill-eks-fdwO8Wic": "shared",
              "kubernetes.io/role/elb": "1"
            },
            "timeouts": null,
            "vpc_id": "vpc-0a9c9e6f6417080a0"
          },
          "sensitive_attributes": [],
          "private": "eyJlMmJmYjczMC1lY2FhLTExZTYtOGY4OC0zNDM2M2JjN2M0YzAiOnsiY3JlYXRlIjo2MDAwMDAwMDAwMDAsImRlbGV0ZSI6MTIwMDAwMDAwMDAwMH0sInNjaGVtYV92ZXJzaW9uIjoiMSJ9",
          "dependencies": [
            "data.aws_availability_zones.available",
            "module.vpc.aws_vpc.this",
            "module.vpc.aws_vpc_ipv4_cidr_block_association.this",
            "random_string.suffix"
          ]
        }
      ]
    },
    {
      "module": "module.vpc",
      "mode": "managed",
      "type": "aws_vpc",
      "name": "this",
      "provider": "provider[\"registry.terraform.io/hashicorp/aws\"]",
      "instances": [
        {
          "index_key": 0,
          "schema_version": 1,
          "attributes": {
            "arn": "arn:aws:ec2:eu-central-1:072850500517:vpc/vpc-0a9c9e6f6417080a0",
            "assign_generated_ipv6_cidr_block": false,
            "cidr_block": "10.0.0.0/16",
            "default_network_acl_id": "acl-009d495c2c9a2a58f",
            "default_route_table_id": "rtb-05033669635e102e8",
            "default_security_group_id": "sg-05c75f45dc38003ff",
            "dhcp_options_id": "dopt-01c2e89dec4fa93cd",
            "enable_classiclink": false,
            "enable_classiclink_dns_support": false,
            "enable_dns_hostnames": true,
            "enable_dns_support": true,
            "enable_network_address_usage_metrics": false,
            "id": "vpc-0a9c9e6f6417080a0",
            "instance_tenancy": "default",
            "ipv4_ipam_pool_id": null,
            "ipv4_netmask_length": null,
            "ipv6_association_id": "",
            "ipv6_cidr_block": "",
            "ipv6_cidr_block_network_border_group": "",
            "ipv6_ipam_pool_id": "",
            "ipv6_netmask_length": 0,
            "main_route_table_id": "rtb-05033669635e102e8",
            "owner_id": "072850500517",
            "tags": {
              "Name": "education-vpc"
            },
            "tags_all": {
              "Name": "education-vpc"
            }
          },
          "sensitive_attributes": [],
          "private": "eyJzY2hlbWFfdmVyc2lvbiI6IjEifQ==",
          "create_before_destroy": true
        }
      ]
    }
  ],
  "check_results": null
}
